// !$*UTF8*$!
{
	archiveVersion = 1;
	classes = {
	};
	objectVersion = 50;
	objects = {

/* Begin PBXBuildFile section */
		309C3E1E5E067158DA0F8B2C /* libPods-Gallery.a in Frameworks */ = {isa = PBXBuildFile; fileRef = 71A286852C7FF83EA767FD67 /* libPods-Gallery.a */; };
		7602112B21917D5F00C6F622 /* CategoryListController.m in Sources */ = {isa = PBXBuildFile; fileRef = 7602112A21917D5F00C6F622 /* CategoryListController.m */; };
		7602112E21917DEB00C6F622 /* ProductsViewController.m in Sources */ = {isa = PBXBuildFile; fileRef = 7602112D21917DEB00C6F622 /* ProductsViewController.m */; };
		760211312191856800C6F622 /* CategoryCell.m in Sources */ = {isa = PBXBuildFile; fileRef = 760211302191856800C6F622 /* CategoryCell.m */; };
		7609C76E219D159D00689D07 /* OrderViewController.m in Sources */ = {isa = PBXBuildFile; fileRef = 7609C76D219D159D00689D07 /* OrderViewController.m */; };
		7609C774219D3B4400689D07 /* 0_T_hezi_tietu_01_d.tga in Resources */ = {isa = PBXBuildFile; fileRef = 7609C773219D3B4300689D07 /* 0_T_hezi_tietu_01_d.tga */; };
		7609C776219D453000689D07 /* tianmaojingling.DAE in Resources */ = {isa = PBXBuildFile; fileRef = 7609C775219D453000689D07 /* tianmaojingling.DAE */; };
		7609C778219D454A00689D07 /* 2_timg.jpg in Resources */ = {isa = PBXBuildFile; fileRef = 7609C777219D454A00689D07 /* 2_timg.jpg */; };
		7609C77B219D49CE00689D07 /* ServiceViewController.m in Sources */ = {isa = PBXBuildFile; fileRef = 7609C77A219D49CE00689D07 /* ServiceViewController.m */; };
		760CE63321992A2600CF2306 /* PageRoundScrollView.m in Sources */ = {isa = PBXBuildFile; fileRef = 760CE63221992A2600CF2306 /* PageRoundScrollView.m */; };
		760E94692151ED9B00592929 /* DataList.plist in Resources */ = {isa = PBXBuildFile; fileRef = 760E94682151ED9B00592929 /* DataList.plist */; };
		760E94762151F0DB00592929 /* MeViewController.m in Sources */ = {isa = PBXBuildFile; fileRef = 760E94752151F0DB00592929 /* MeViewController.m */; };
		7611C4A62193D56E00D6428E /* R.tga in Resources */ = {isa = PBXBuildFile; fileRef = 7611C4A22193D56D00D6428E /* R.tga */; };
		7611C4A82193D56E00D6428E /* moxing.DAE in Resources */ = {isa = PBXBuildFile; fileRef = 7611C4A42193D56E00D6428E /* moxing.DAE */; };
		7611C4A92193D56E00D6428E /* B.tga in Resources */ = {isa = PBXBuildFile; fileRef = 7611C4A52193D56E00D6428E /* B.tga */; };
		7611C4B32194196200D6428E /* HeZiZheDie.DAE in Resources */ = {isa = PBXBuildFile; fileRef = 7611C4B22194196200D6428E /* HeZiZheDie.DAE */; };
		7611C4C021942FF900D6428E /* HomeViewController.m in Sources */ = {isa = PBXBuildFile; fileRef = 7611C4BF21942FF900D6428E /* HomeViewController.m */; };
		761278EB21955545009A5774 /* HomeShowView.m in Sources */ = {isa = PBXBuildFile; fileRef = 761278EA21955545009A5774 /* HomeShowView.m */; };
		761278EE219584A9009A5774 /* SceneViewController.m in Sources */ = {isa = PBXBuildFile; fileRef = 761278ED219584A9009A5774 /* SceneViewController.m */; };
		7619A5F2219AA4F9005ADEEB /* PackagingPalletController.m in Sources */ = {isa = PBXBuildFile; fileRef = 7619A5F1219AA4F9005ADEEB /* PackagingPalletController.m */; };
		7619A5FC219AB431005ADEEB /* PackagingCustomView.m in Sources */ = {isa = PBXBuildFile; fileRef = 7619A5FB219AB431005ADEEB /* PackagingCustomView.m */; };
		7619A5FF219AB7E9005ADEEB /* PackagingBaseController.m in Sources */ = {isa = PBXBuildFile; fileRef = 7619A5FE219AB7E9005ADEEB /* PackagingBaseController.m */; };
		761AF2D4215E0AB200F596D3 /* ResultModel.m in Sources */ = {isa = PBXBuildFile; fileRef = 761AF2D3215E0AB200F596D3 /* ResultModel.m */; };
		761AF2DC215E0B2700F596D3 /* YJToolBar.m in Sources */ = {isa = PBXBuildFile; fileRef = 761AF2D6215E0B2700F596D3 /* YJToolBar.m */; };
		761AF2DD215E0B2700F596D3 /* UIView+Frame.m in Sources */ = {isa = PBXBuildFile; fileRef = 761AF2D7215E0B2700F596D3 /* UIView+Frame.m */; };
		761AF2DE215E0B2700F596D3 /* YJLocationPicker.m in Sources */ = {isa = PBXBuildFile; fileRef = 761AF2D8215E0B2700F596D3 /* YJLocationPicker.m */; };
		7627E55921898D9E00C7A5A3 /* nbox3gai.dae in Resources */ = {isa = PBXBuildFile; fileRef = 7627E55821898D9E00C7A5A3 /* nbox3gai.dae */; };
		7655CC792150F27E00D206C2 /* TabBarController.m in Sources */ = {isa = PBXBuildFile; fileRef = 7655CC742150F27C00D206C2 /* TabBarController.m */; };
		7655CC7A2150F27E00D206C2 /* BaseNavigationController.m in Sources */ = {isa = PBXBuildFile; fileRef = 7655CC762150F27D00D206C2 /* BaseNavigationController.m */; };
		7655CC872150F81600D206C2 /* BaseViewController.m in Sources */ = {isa = PBXBuildFile; fileRef = 7655CC862150F81600D206C2 /* BaseViewController.m */; };
		7655CC8C2150F89200D206C2 /* BaseDataRequest.m in Sources */ = {isa = PBXBuildFile; fileRef = 7655CC882150F89200D206C2 /* BaseDataRequest.m */; };
		7655CC8D2150F89200D206C2 /* NetRequestClass.m in Sources */ = {isa = PBXBuildFile; fileRef = 7655CC892150F89200D206C2 /* NetRequestClass.m */; };
		7655CC902150F8CD00D206C2 /* DataRequest.m in Sources */ = {isa = PBXBuildFile; fileRef = 7655CC8E2150F8CD00D206C2 /* DataRequest.m */; };
		7655CC922150F92A00D206C2 /* Assets.xcassets in Resources */ = {isa = PBXBuildFile; fileRef = 7655CC912150F92A00D206C2 /* Assets.xcassets */; };
		76605E082101B6ED00115FA6 /* AppDelegate.m in Sources */ = {isa = PBXBuildFile; fileRef = 76605E072101B6ED00115FA6 /* AppDelegate.m */; };
		76605E0B2101B6ED00115FA6 /* ViewController.m in Sources */ = {isa = PBXBuildFile; fileRef = 76605E0A2101B6ED00115FA6 /* ViewController.m */; };
		76605E0E2101B6ED00115FA6 /* Main.storyboard in Resources */ = {isa = PBXBuildFile; fileRef = 76605E0C2101B6ED00115FA6 /* Main.storyboard */; };
		76605E132101B6EE00115FA6 /* LaunchScreen.storyboard in Resources */ = {isa = PBXBuildFile; fileRef = 76605E112101B6EE00115FA6 /* LaunchScreen.storyboard */; };
		76605E162101B6EF00115FA6 /* main.m in Sources */ = {isa = PBXBuildFile; fileRef = 76605E152101B6EF00115FA6 /* main.m */; };
		76605E202101B6EF00115FA6 /* GalleryTests.m in Sources */ = {isa = PBXBuildFile; fileRef = 76605E1F2101B6EF00115FA6 /* GalleryTests.m */; };
		76605E2B2101B6EF00115FA6 /* GalleryUITests.m in Sources */ = {isa = PBXBuildFile; fileRef = 76605E2A2101B6EF00115FA6 /* GalleryUITests.m */; };
		76605E492101CB4400115FA6 /* UIColor+UIColor_StringToRGB.m in Sources */ = {isa = PBXBuildFile; fileRef = 76605E462101CB4400115FA6 /* UIColor+UIColor_StringToRGB.m */; };
		76605E4A2101CB4400115FA6 /* UITableView+EmptyData.m in Sources */ = {isa = PBXBuildFile; fileRef = 76605E472101CB4400115FA6 /* UITableView+EmptyData.m */; };
		76605E562101CC1C00115FA6 /* UserInfoSingleton.m in Sources */ = {isa = PBXBuildFile; fileRef = 76605E542101CC1C00115FA6 /* UserInfoSingleton.m */; };
		76605E5C2101CC8300115FA6 /* LoginViewController.m in Sources */ = {isa = PBXBuildFile; fileRef = 76605E5B2101CC8300115FA6 /* LoginViewController.m */; };
		76605E602101CCB100115FA6 /* CommonUtil.m in Sources */ = {isa = PBXBuildFile; fileRef = 76605E5F2101CCB000115FA6 /* CommonUtil.m */; };
		76605E632101CCBA00115FA6 /* UploadImageObject.m in Sources */ = {isa = PBXBuildFile; fileRef = 76605E612101CCBA00115FA6 /* UploadImageObject.m */; };
		76B612C3219ADB2D003657B0 /* PackagingLiningController.m in Sources */ = {isa = PBXBuildFile; fileRef = 76B612C2219ADB2D003657B0 /* PackagingLiningController.m */; };
		76EE836E216B4B5000D317FF /* SceneView.m in Sources */ = {isa = PBXBuildFile; fileRef = 76EE836C216B4B5000D317FF /* SceneView.m */; };
		84270210219AA5E30025696F /* LoginView.m in Sources */ = {isa = PBXBuildFile; fileRef = 8427020F219AA5E30025696F /* LoginView.m */; };
		84270213219AAD390025696F /* NextButton.m in Sources */ = {isa = PBXBuildFile; fileRef = 84270212219AAD390025696F /* NextButton.m */; };
		8455A4DD21942C0D00B52A2B /* CategoryDetallCell.m in Sources */ = {isa = PBXBuildFile; fileRef = 8455A4DC21942C0D00B52A2B /* CategoryDetallCell.m */; };
		8455A4E021942E5A00B52A2B /* CategoryDetailController.m in Sources */ = {isa = PBXBuildFile; fileRef = 8455A4DF21942E5A00B52A2B /* CategoryDetailController.m */; };
		84EC1BCD21952B8E00527577 /* ProductDetailController.m in Sources */ = {isa = PBXBuildFile; fileRef = 84EC1BCC21952B8E00527577 /* ProductDetailController.m */; };
		84EC1BDF219564D800527577 /* TopPageSlideController.m in Sources */ = {isa = PBXBuildFile; fileRef = 84EC1BDE219564D800527577 /* TopPageSlideController.m */; };
/* End PBXBuildFile section */

/* Begin PBXContainerItemProxy section */
		76605E1C2101B6EF00115FA6 /* PBXContainerItemProxy */ = {
			isa = PBXContainerItemProxy;
			containerPortal = 76605DFB2101B6ED00115FA6 /* Project object */;
			proxyType = 1;
			remoteGlobalIDString = 76605E022101B6ED00115FA6;
			remoteInfo = Gallery;
		};
		76605E272101B6EF00115FA6 /* PBXContainerItemProxy */ = {
			isa = PBXContainerItemProxy;
			containerPortal = 76605DFB2101B6ED00115FA6 /* Project object */;
			proxyType = 1;
			remoteGlobalIDString = 76605E022101B6ED00115FA6;
			remoteInfo = Gallery;
		};
/* End PBXContainerItemProxy section */

/* Begin PBXFileReference section */
		5E670789B90931CD9C6C9E2D /* Pods-Gallery.debug.xcconfig */ = {isa = PBXFileReference; includeInIndex = 1; lastKnownFileType = text.xcconfig; name = "Pods-Gallery.debug.xcconfig"; path = "Pods/Target Support Files/Pods-Gallery/Pods-Gallery.debug.xcconfig"; sourceTree = "<group>"; };
		71A286852C7FF83EA767FD67 /* libPods-Gallery.a */ = {isa = PBXFileReference; explicitFileType = archive.ar; includeInIndex = 0; path = "libPods-Gallery.a"; sourceTree = BUILT_PRODUCTS_DIR; };
		7602112921917D5F00C6F622 /* CategoryListController.h */ = {isa = PBXFileReference; lastKnownFileType = sourcecode.c.h; path = CategoryListController.h; sourceTree = "<group>"; };
		7602112A21917D5F00C6F622 /* CategoryListController.m */ = {isa = PBXFileReference; lastKnownFileType = sourcecode.c.objc; path = CategoryListController.m; sourceTree = "<group>"; };
		7602112C21917DEB00C6F622 /* ProductsViewController.h */ = {isa = PBXFileReference; lastKnownFileType = sourcecode.c.h; path = ProductsViewController.h; sourceTree = "<group>"; };
		7602112D21917DEB00C6F622 /* ProductsViewController.m */ = {isa = PBXFileReference; lastKnownFileType = sourcecode.c.objc; path = ProductsViewController.m; sourceTree = "<group>"; };
		7602112F2191856800C6F622 /* CategoryCell.h */ = {isa = PBXFileReference; fileEncoding = 4; lastKnownFileType = sourcecode.c.h; path = CategoryCell.h; sourceTree = "<group>"; };
		760211302191856800C6F622 /* CategoryCell.m */ = {isa = PBXFileReference; fileEncoding = 4; lastKnownFileType = sourcecode.c.objc; path = CategoryCell.m; sourceTree = "<group>"; };
		7609C76C219D159D00689D07 /* OrderViewController.h */ = {isa = PBXFileReference; lastKnownFileType = sourcecode.c.h; path = OrderViewController.h; sourceTree = "<group>"; };
		7609C76D219D159D00689D07 /* OrderViewController.m */ = {isa = PBXFileReference; lastKnownFileType = sourcecode.c.objc; path = OrderViewController.m; sourceTree = "<group>"; };
		7609C773219D3B4300689D07 /* 0_T_hezi_tietu_01_d.tga */ = {isa = PBXFileReference; lastKnownFileType = file; path = 0_T_hezi_tietu_01_d.tga; sourceTree = "<group>"; };
		7609C775219D453000689D07 /* tianmaojingling.DAE */ = {isa = PBXFileReference; fileEncoding = 4; lastKnownFileType = text.xml.dae; path = tianmaojingling.DAE; sourceTree = "<group>"; };
		7609C777219D454A00689D07 /* 2_timg.jpg */ = {isa = PBXFileReference; lastKnownFileType = image.jpeg; path = 2_timg.jpg; sourceTree = "<group>"; };
		7609C779219D49C700689D07 /* ServiceViewController.h */ = {isa = PBXFileReference; fileEncoding = 4; lastKnownFileType = sourcecode.c.h; path = ServiceViewController.h; sourceTree = "<group>"; };
		7609C77A219D49CE00689D07 /* ServiceViewController.m */ = {isa = PBXFileReference; fileEncoding = 4; lastKnownFileType = sourcecode.c.objc; path = ServiceViewController.m; sourceTree = "<group>"; };
		760CE63121992A2600CF2306 /* PageRoundScrollView.h */ = {isa = PBXFileReference; lastKnownFileType = sourcecode.c.h; path = PageRoundScrollView.h; sourceTree = "<group>"; };
		760CE63221992A2600CF2306 /* PageRoundScrollView.m */ = {isa = PBXFileReference; lastKnownFileType = sourcecode.c.objc; path = PageRoundScrollView.m; sourceTree = "<group>"; };
		760E94682151ED9B00592929 /* DataList.plist */ = {isa = PBXFileReference; fileEncoding = 4; lastKnownFileType = text.plist.xml; path = DataList.plist; sourceTree = "<group>"; };
		760E94742151F0DB00592929 /* MeViewController.h */ = {isa = PBXFileReference; lastKnownFileType = sourcecode.c.h; path = MeViewController.h; sourceTree = "<group>"; };
		760E94752151F0DB00592929 /* MeViewController.m */ = {isa = PBXFileReference; lastKnownFileType = sourcecode.c.objc; path = MeViewController.m; sourceTree = "<group>"; };
		7611C4A22193D56D00D6428E /* R.tga */ = {isa = PBXFileReference; lastKnownFileType = file; path = R.tga; sourceTree = "<group>"; };
		7611C4A42193D56E00D6428E /* moxing.DAE */ = {isa = PBXFileReference; fileEncoding = 4; lastKnownFileType = text.xml.dae; path = moxing.DAE; sourceTree = "<group>"; };
		7611C4A52193D56E00D6428E /* B.tga */ = {isa = PBXFileReference; lastKnownFileType = file; path = B.tga; sourceTree = "<group>"; };
		7611C4B22194196200D6428E /* HeZiZheDie.DAE */ = {isa = PBXFileReference; fileEncoding = 4; lastKnownFileType = text.xml.dae; path = HeZiZheDie.DAE; sourceTree = "<group>"; };
		7611C4BE21942FF900D6428E /* HomeViewController.h */ = {isa = PBXFileReference; lastKnownFileType = sourcecode.c.h; path = HomeViewController.h; sourceTree = "<group>"; };
		7611C4BF21942FF900D6428E /* HomeViewController.m */ = {isa = PBXFileReference; lastKnownFileType = sourcecode.c.objc; path = HomeViewController.m; sourceTree = "<group>"; };
		761278E321952D98009A5774 /* ProductDetailController.h */ = {isa = PBXFileReference; fileEncoding = 4; lastKnownFileType = sourcecode.c.h; path = ProductDetailController.h; sourceTree = "<group>"; };
		761278E921955545009A5774 /* HomeShowView.h */ = {isa = PBXFileReference; lastKnownFileType = sourcecode.c.h; path = HomeShowView.h; sourceTree = "<group>"; };
		761278EA21955545009A5774 /* HomeShowView.m */ = {isa = PBXFileReference; lastKnownFileType = sourcecode.c.objc; path = HomeShowView.m; sourceTree = "<group>"; };
		761278EC219584A9009A5774 /* SceneViewController.h */ = {isa = PBXFileReference; lastKnownFileType = sourcecode.c.h; path = SceneViewController.h; sourceTree = "<group>"; };
		761278ED219584A9009A5774 /* SceneViewController.m */ = {isa = PBXFileReference; lastKnownFileType = sourcecode.c.objc; path = SceneViewController.m; sourceTree = "<group>"; };
		7619A5F0219AA4F9005ADEEB /* PackagingPalletController.h */ = {isa = PBXFileReference; lastKnownFileType = sourcecode.c.h; path = PackagingPalletController.h; sourceTree = "<group>"; };
		7619A5F1219AA4F9005ADEEB /* PackagingPalletController.m */ = {isa = PBXFileReference; lastKnownFileType = sourcecode.c.objc; path = PackagingPalletController.m; sourceTree = "<group>"; };
		7619A5FA219AB431005ADEEB /* PackagingCustomView.h */ = {isa = PBXFileReference; lastKnownFileType = sourcecode.c.h; path = PackagingCustomView.h; sourceTree = "<group>"; };
		7619A5FB219AB431005ADEEB /* PackagingCustomView.m */ = {isa = PBXFileReference; lastKnownFileType = sourcecode.c.objc; path = PackagingCustomView.m; sourceTree = "<group>"; };
		7619A5FD219AB7E9005ADEEB /* PackagingBaseController.h */ = {isa = PBXFileReference; lastKnownFileType = sourcecode.c.h; path = PackagingBaseController.h; sourceTree = "<group>"; };
		7619A5FE219AB7E9005ADEEB /* PackagingBaseController.m */ = {isa = PBXFileReference; lastKnownFileType = sourcecode.c.objc; path = PackagingBaseController.m; sourceTree = "<group>"; };
		761AF2D2215E0AB200F596D3 /* ResultModel.h */ = {isa = PBXFileReference; lastKnownFileType = sourcecode.c.h; path = ResultModel.h; sourceTree = "<group>"; };
		761AF2D3215E0AB200F596D3 /* ResultModel.m */ = {isa = PBXFileReference; lastKnownFileType = sourcecode.c.objc; path = ResultModel.m; sourceTree = "<group>"; };
		761AF2D6215E0B2700F596D3 /* YJToolBar.m */ = {isa = PBXFileReference; fileEncoding = 4; lastKnownFileType = sourcecode.c.objc; path = YJToolBar.m; sourceTree = "<group>"; };
		761AF2D7215E0B2700F596D3 /* UIView+Frame.m */ = {isa = PBXFileReference; fileEncoding = 4; lastKnownFileType = sourcecode.c.objc; path = "UIView+Frame.m"; sourceTree = "<group>"; };
		761AF2D8215E0B2700F596D3 /* YJLocationPicker.m */ = {isa = PBXFileReference; fileEncoding = 4; lastKnownFileType = sourcecode.c.objc; path = YJLocationPicker.m; sourceTree = "<group>"; };
		761AF2D9215E0B2700F596D3 /* YJToolBar.h */ = {isa = PBXFileReference; fileEncoding = 4; lastKnownFileType = sourcecode.c.h; path = YJToolBar.h; sourceTree = "<group>"; };
		761AF2DA215E0B2700F596D3 /* YJLocationPicker.h */ = {isa = PBXFileReference; fileEncoding = 4; lastKnownFileType = sourcecode.c.h; path = YJLocationPicker.h; sourceTree = "<group>"; };
		761AF2DB215E0B2700F596D3 /* UIView+Frame.h */ = {isa = PBXFileReference; fileEncoding = 4; lastKnownFileType = sourcecode.c.h; path = "UIView+Frame.h"; sourceTree = "<group>"; };
		7627E55821898D9E00C7A5A3 /* nbox3gai.dae */ = {isa = PBXFileReference; fileEncoding = 4; lastKnownFileType = text.xml.dae; path = nbox3gai.dae; sourceTree = "<group>"; };
		7655CC732150F27300D206C2 /* BaseNavigationController.h */ = {isa = PBXFileReference; fileEncoding = 4; lastKnownFileType = sourcecode.c.h; path = BaseNavigationController.h; sourceTree = "<group>"; };
		7655CC742150F27C00D206C2 /* TabBarController.m */ = {isa = PBXFileReference; fileEncoding = 4; lastKnownFileType = sourcecode.c.objc; path = TabBarController.m; sourceTree = "<group>"; };
		7655CC752150F27D00D206C2 /* TabBarController.h */ = {isa = PBXFileReference; fileEncoding = 4; lastKnownFileType = sourcecode.c.h; path = TabBarController.h; sourceTree = "<group>"; };
		7655CC762150F27D00D206C2 /* BaseNavigationController.m */ = {isa = PBXFileReference; fileEncoding = 4; lastKnownFileType = sourcecode.c.objc; path = BaseNavigationController.m; sourceTree = "<group>"; };
		7655CC852150F81600D206C2 /* BaseViewController.h */ = {isa = PBXFileReference; fileEncoding = 4; lastKnownFileType = sourcecode.c.h; path = BaseViewController.h; sourceTree = "<group>"; };
		7655CC862150F81600D206C2 /* BaseViewController.m */ = {isa = PBXFileReference; fileEncoding = 4; lastKnownFileType = sourcecode.c.objc; path = BaseViewController.m; sourceTree = "<group>"; };
		7655CC882150F89200D206C2 /* BaseDataRequest.m */ = {isa = PBXFileReference; fileEncoding = 4; lastKnownFileType = sourcecode.c.objc; path = BaseDataRequest.m; sourceTree = "<group>"; };
		7655CC892150F89200D206C2 /* NetRequestClass.m */ = {isa = PBXFileReference; fileEncoding = 4; lastKnownFileType = sourcecode.c.objc; path = NetRequestClass.m; sourceTree = "<group>"; };
		7655CC8A2150F89200D206C2 /* BaseDataRequest.h */ = {isa = PBXFileReference; fileEncoding = 4; lastKnownFileType = sourcecode.c.h; path = BaseDataRequest.h; sourceTree = "<group>"; };
		7655CC8B2150F89200D206C2 /* NetRequestClass.h */ = {isa = PBXFileReference; fileEncoding = 4; lastKnownFileType = sourcecode.c.h; path = NetRequestClass.h; sourceTree = "<group>"; };
		7655CC8E2150F8CD00D206C2 /* DataRequest.m */ = {isa = PBXFileReference; fileEncoding = 4; lastKnownFileType = sourcecode.c.objc; path = DataRequest.m; sourceTree = "<group>"; };
		7655CC8F2150F8CD00D206C2 /* DataRequest.h */ = {isa = PBXFileReference; fileEncoding = 4; lastKnownFileType = sourcecode.c.h; path = DataRequest.h; sourceTree = "<group>"; };
		7655CC912150F92A00D206C2 /* Assets.xcassets */ = {isa = PBXFileReference; lastKnownFileType = folder.assetcatalog; path = Assets.xcassets; sourceTree = "<group>"; };
		76605E032101B6ED00115FA6 /* Gallery.app */ = {isa = PBXFileReference; explicitFileType = wrapper.application; includeInIndex = 0; path = Gallery.app; sourceTree = BUILT_PRODUCTS_DIR; };
		76605E062101B6ED00115FA6 /* AppDelegate.h */ = {isa = PBXFileReference; lastKnownFileType = sourcecode.c.h; path = AppDelegate.h; sourceTree = "<group>"; };
		76605E072101B6ED00115FA6 /* AppDelegate.m */ = {isa = PBXFileReference; lastKnownFileType = sourcecode.c.objc; path = AppDelegate.m; sourceTree = "<group>"; };
		76605E092101B6ED00115FA6 /* ViewController.h */ = {isa = PBXFileReference; lastKnownFileType = sourcecode.c.h; path = ViewController.h; sourceTree = "<group>"; };
		76605E0A2101B6ED00115FA6 /* ViewController.m */ = {isa = PBXFileReference; lastKnownFileType = sourcecode.c.objc; path = ViewController.m; sourceTree = "<group>"; };
		76605E0D2101B6ED00115FA6 /* Base */ = {isa = PBXFileReference; lastKnownFileType = file.storyboard; name = Base; path = Base.lproj/Main.storyboard; sourceTree = "<group>"; };
		76605E122101B6EE00115FA6 /* Base */ = {isa = PBXFileReference; lastKnownFileType = file.storyboard; name = Base; path = Base.lproj/LaunchScreen.storyboard; sourceTree = "<group>"; };
		76605E142101B6EE00115FA6 /* Info.plist */ = {isa = PBXFileReference; lastKnownFileType = text.plist.xml; path = Info.plist; sourceTree = "<group>"; };
		76605E152101B6EF00115FA6 /* main.m */ = {isa = PBXFileReference; lastKnownFileType = sourcecode.c.objc; path = main.m; sourceTree = "<group>"; };
		76605E1B2101B6EF00115FA6 /* GalleryTests.xctest */ = {isa = PBXFileReference; explicitFileType = wrapper.cfbundle; includeInIndex = 0; path = GalleryTests.xctest; sourceTree = BUILT_PRODUCTS_DIR; };
		76605E1F2101B6EF00115FA6 /* GalleryTests.m */ = {isa = PBXFileReference; lastKnownFileType = sourcecode.c.objc; path = GalleryTests.m; sourceTree = "<group>"; };
		76605E212101B6EF00115FA6 /* Info.plist */ = {isa = PBXFileReference; lastKnownFileType = text.plist.xml; path = Info.plist; sourceTree = "<group>"; };
		76605E262101B6EF00115FA6 /* GalleryUITests.xctest */ = {isa = PBXFileReference; explicitFileType = wrapper.cfbundle; includeInIndex = 0; path = GalleryUITests.xctest; sourceTree = BUILT_PRODUCTS_DIR; };
		76605E2A2101B6EF00115FA6 /* GalleryUITests.m */ = {isa = PBXFileReference; lastKnownFileType = sourcecode.c.objc; path = GalleryUITests.m; sourceTree = "<group>"; };
		76605E2C2101B6EF00115FA6 /* Info.plist */ = {isa = PBXFileReference; lastKnownFileType = text.plist.xml; path = Info.plist; sourceTree = "<group>"; };
		76605E3B2101C61200115FA6 /* PrefixHeader.pch */ = {isa = PBXFileReference; lastKnownFileType = sourcecode.c.h; path = PrefixHeader.pch; sourceTree = "<group>"; };
		76605E3C2101C77D00115FA6 /* Config.h */ = {isa = PBXFileReference; fileEncoding = 4; lastKnownFileType = sourcecode.c.h; path = Config.h; sourceTree = "<group>"; };
		76605E3D2101C79400115FA6 /* WeakStrongMacro.h */ = {isa = PBXFileReference; fileEncoding = 4; lastKnownFileType = sourcecode.c.h; path = WeakStrongMacro.h; sourceTree = "<group>"; };
		76605E432101CB4400115FA6 /* UIColor+UIColor_StringToRGB.h */ = {isa = PBXFileReference; fileEncoding = 4; lastKnownFileType = sourcecode.c.h; path = "UIColor+UIColor_StringToRGB.h"; sourceTree = "<group>"; };
		76605E442101CB4400115FA6 /* UITableView+EmptyData.h */ = {isa = PBXFileReference; fileEncoding = 4; lastKnownFileType = sourcecode.c.h; path = "UITableView+EmptyData.h"; sourceTree = "<group>"; };
		76605E462101CB4400115FA6 /* UIColor+UIColor_StringToRGB.m */ = {isa = PBXFileReference; fileEncoding = 4; lastKnownFileType = sourcecode.c.objc; path = "UIColor+UIColor_StringToRGB.m"; sourceTree = "<group>"; };
		76605E472101CB4400115FA6 /* UITableView+EmptyData.m */ = {isa = PBXFileReference; fileEncoding = 4; lastKnownFileType = sourcecode.c.objc; path = "UITableView+EmptyData.m"; sourceTree = "<group>"; };
		76605E542101CC1C00115FA6 /* UserInfoSingleton.m */ = {isa = PBXFileReference; fileEncoding = 4; lastKnownFileType = sourcecode.c.objc; path = UserInfoSingleton.m; sourceTree = "<group>"; };
		76605E552101CC1C00115FA6 /* UserInfoSingleton.h */ = {isa = PBXFileReference; fileEncoding = 4; lastKnownFileType = sourcecode.c.h; path = UserInfoSingleton.h; sourceTree = "<group>"; };
		76605E5A2101CC8300115FA6 /* LoginViewController.h */ = {isa = PBXFileReference; lastKnownFileType = sourcecode.c.h; path = LoginViewController.h; sourceTree = "<group>"; };
		76605E5B2101CC8300115FA6 /* LoginViewController.m */ = {isa = PBXFileReference; lastKnownFileType = sourcecode.c.objc; path = LoginViewController.m; sourceTree = "<group>"; };
		76605E5E2101CCB000115FA6 /* CommonUtil.h */ = {isa = PBXFileReference; fileEncoding = 4; lastKnownFileType = sourcecode.c.h; path = CommonUtil.h; sourceTree = "<group>"; };
		76605E5F2101CCB000115FA6 /* CommonUtil.m */ = {isa = PBXFileReference; fileEncoding = 4; lastKnownFileType = sourcecode.c.objc; path = CommonUtil.m; sourceTree = "<group>"; };
		76605E612101CCBA00115FA6 /* UploadImageObject.m */ = {isa = PBXFileReference; fileEncoding = 4; lastKnownFileType = sourcecode.c.objc; path = UploadImageObject.m; sourceTree = "<group>"; };
		76605E622101CCBA00115FA6 /* UploadImageObject.h */ = {isa = PBXFileReference; fileEncoding = 4; lastKnownFileType = sourcecode.c.h; path = UploadImageObject.h; sourceTree = "<group>"; };
		76B612C1219ADB2D003657B0 /* PackagingLiningController.h */ = {isa = PBXFileReference; lastKnownFileType = sourcecode.c.h; path = PackagingLiningController.h; sourceTree = "<group>"; };
		76B612C2219ADB2D003657B0 /* PackagingLiningController.m */ = {isa = PBXFileReference; lastKnownFileType = sourcecode.c.objc; path = PackagingLiningController.m; sourceTree = "<group>"; };
		76BE7AC521944C0B0062C64E /* CategoryDetallCell.h */ = {isa = PBXFileReference; fileEncoding = 4; lastKnownFileType = sourcecode.c.h; path = CategoryDetallCell.h; sourceTree = "<group>"; };
		76BE7AC621944C160062C64E /* CategoryDetailController.h */ = {isa = PBXFileReference; fileEncoding = 4; lastKnownFileType = sourcecode.c.h; path = CategoryDetailController.h; sourceTree = "<group>"; };
		76EE836B216B4B5000D317FF /* SceneView.h */ = {isa = PBXFileReference; fileEncoding = 4; lastKnownFileType = sourcecode.c.h; path = SceneView.h; sourceTree = "<group>"; };
		76EE836C216B4B5000D317FF /* SceneView.m */ = {isa = PBXFileReference; fileEncoding = 4; lastKnownFileType = sourcecode.c.objc; path = SceneView.m; sourceTree = "<group>"; };
		8427020E219AA5E30025696F /* LoginView.h */ = {isa = PBXFileReference; lastKnownFileType = sourcecode.c.h; name = LoginView.h; path = Gallery/Classes/CategoryList/Controller/LoginView.h; sourceTree = SOURCE_ROOT; };
		8427020F219AA5E30025696F /* LoginView.m */ = {isa = PBXFileReference; lastKnownFileType = sourcecode.c.objc; name = LoginView.m; path = Gallery/Classes/CategoryList/Controller/LoginView.m; sourceTree = SOURCE_ROOT; };
		84270211219AAD390025696F /* NextButton.h */ = {isa = PBXFileReference; fileEncoding = 4; lastKnownFileType = sourcecode.c.h; path = NextButton.h; sourceTree = "<group>"; };
		84270212219AAD390025696F /* NextButton.m */ = {isa = PBXFileReference; fileEncoding = 4; lastKnownFileType = sourcecode.c.objc; path = NextButton.m; sourceTree = "<group>"; };
		8455A4DC21942C0D00B52A2B /* CategoryDetallCell.m */ = {isa = PBXFileReference; lastKnownFileType = sourcecode.c.objc; path = CategoryDetallCell.m; sourceTree = "<group>"; };
		8455A4DF21942E5A00B52A2B /* CategoryDetailController.m */ = {isa = PBXFileReference; lastKnownFileType = sourcecode.c.objc; path = CategoryDetailController.m; sourceTree = "<group>"; };
		84EC1BCC21952B8E00527577 /* ProductDetailController.m */ = {isa = PBXFileReference; lastKnownFileType = sourcecode.c.objc; path = ProductDetailController.m; sourceTree = "<group>"; };
		84EC1BDD219564D800527577 /* TopPageSlideController.h */ = {isa = PBXFileReference; lastKnownFileType = sourcecode.c.h; path = TopPageSlideController.h; sourceTree = "<group>"; };
		84EC1BDE219564D800527577 /* TopPageSlideController.m */ = {isa = PBXFileReference; lastKnownFileType = sourcecode.c.objc; path = TopPageSlideController.m; sourceTree = "<group>"; };
		A729398D12F9CD51A838399F /* Pods-Gallery.release.xcconfig */ = {isa = PBXFileReference; includeInIndex = 1; lastKnownFileType = text.xcconfig; name = "Pods-Gallery.release.xcconfig"; path = "Pods/Target Support Files/Pods-Gallery/Pods-Gallery.release.xcconfig"; sourceTree = "<group>"; };
/* End PBXFileReference section */

/* Begin PBXFrameworksBuildPhase section */
		76605E002101B6ED00115FA6 /* Frameworks */ = {
			isa = PBXFrameworksBuildPhase;
			buildActionMask = 2147483647;
			files = (
				309C3E1E5E067158DA0F8B2C /* libPods-Gallery.a in Frameworks */,
			);
			runOnlyForDeploymentPostprocessing = 0;
		};
		76605E182101B6EF00115FA6 /* Frameworks */ = {
			isa = PBXFrameworksBuildPhase;
			buildActionMask = 2147483647;
			files = (
			);
			runOnlyForDeploymentPostprocessing = 0;
		};
		76605E232101B6EF00115FA6 /* Frameworks */ = {
			isa = PBXFrameworksBuildPhase;
			buildActionMask = 2147483647;
			files = (
			);
			runOnlyForDeploymentPostprocessing = 0;
		};
/* End PBXFrameworksBuildPhase section */

/* Begin PBXGroup section */
		4BF4BE34423DE0849C3C0DFA /* Frameworks */ = {
			isa = PBXGroup;
			children = (
				71A286852C7FF83EA767FD67 /* libPods-Gallery.a */,
			);
			name = Frameworks;
			sourceTree = "<group>";
		};
		7602112621917CF800C6F622 /* CategoryList */ = {
			isa = PBXGroup;
			children = (
				7602112821917D3C00C6F622 /* Controller */,
				7602112721917D2D00C6F622 /* View */,
			);
			path = CategoryList;
			sourceTree = "<group>";
		};
		7602112721917D2D00C6F622 /* View */ = {
			isa = PBXGroup;
			children = (
				7602112F2191856800C6F622 /* CategoryCell.h */,
				760211302191856800C6F622 /* CategoryCell.m */,
				76BE7AC521944C0B0062C64E /* CategoryDetallCell.h */,
				8455A4DC21942C0D00B52A2B /* CategoryDetallCell.m */,
				7619A5FA219AB431005ADEEB /* PackagingCustomView.h */,
				7619A5FB219AB431005ADEEB /* PackagingCustomView.m */,
			);
			path = View;
			sourceTree = "<group>";
		};
		7602112821917D3C00C6F622 /* Controller */ = {
			isa = PBXGroup;
			children = (
				7619A5EC219AA1D2005ADEEB /* PackagingCustom */,
				7602112921917D5F00C6F622 /* CategoryListController.h */,
				7602112A21917D5F00C6F622 /* CategoryListController.m */,
				7602112C21917DEB00C6F622 /* ProductsViewController.h */,
				7602112D21917DEB00C6F622 /* ProductsViewController.m */,
				84EC1BDD219564D800527577 /* TopPageSlideController.h */,
				84EC1BDE219564D800527577 /* TopPageSlideController.m */,
				76BE7AC621944C160062C64E /* CategoryDetailController.h */,
				8455A4DF21942E5A00B52A2B /* CategoryDetailController.m */,
				761278E321952D98009A5774 /* ProductDetailController.h */,
				84EC1BCC21952B8E00527577 /* ProductDetailController.m */,
			);
			path = Controller;
			sourceTree = "<group>";
		};
		7609C76A219D0FCC00689D07 /* Controller */ = {
			isa = PBXGroup;
			children = (
				7609C76C219D159D00689D07 /* OrderViewController.h */,
				7609C76D219D159D00689D07 /* OrderViewController.m */,
			);
			path = Controller;
			sourceTree = "<group>";
		};
		7609C76B219D0FD800689D07 /* View */ = {
			isa = PBXGroup;
			children = (
			);
			path = View;
			sourceTree = "<group>";
		};
		760E94672151ED6200592929 /* Supporting Files */ = {
			isa = PBXGroup;
			children = (
				760E94682151ED9B00592929 /* DataList.plist */,
				76605E142101B6EE00115FA6 /* Info.plist */,
				76605E152101B6EF00115FA6 /* main.m */,
				7655CC912150F92A00D206C2 /* Assets.xcassets */,
			);
			path = "Supporting Files";
			sourceTree = "<group>";
		};
		760E946A2151F08800592929 /* Home */ = {
			isa = PBXGroup;
			children = (
				76EE836A216B4B5000D317FF /* SceneView */,
				760E946C2151F09600592929 /* Controller */,
				760E94702151F0B400592929 /* View */,
			);
			path = Home;
			sourceTree = "<group>";
		};
		760E946B2151F09000592929 /* Me */ = {
			isa = PBXGroup;
			children = (
				760E946F2151F0A800592929 /* View */,
				760E946D2151F09C00592929 /* Controller */,
			);
			path = Me;
			sourceTree = "<group>";
		};
		760E946C2151F09600592929 /* Controller */ = {
			isa = PBXGroup;
			children = (
				7611C4BE21942FF900D6428E /* HomeViewController.h */,
				7611C4BF21942FF900D6428E /* HomeViewController.m */,
				761278EC219584A9009A5774 /* SceneViewController.h */,
				761278ED219584A9009A5774 /* SceneViewController.m */,
			);
			path = Controller;
			sourceTree = "<group>";
		};
		760E946D2151F09C00592929 /* Controller */ = {
			isa = PBXGroup;
			children = (
				760E94742151F0DB00592929 /* MeViewController.h */,
				760E94752151F0DB00592929 /* MeViewController.m */,
			);
			path = Controller;
			sourceTree = "<group>";
		};
		760E946F2151F0A800592929 /* View */ = {
			isa = PBXGroup;
			children = (
			);
			path = View;
			sourceTree = "<group>";
		};
		760E94702151F0B400592929 /* View */ = {
			isa = PBXGroup;
			children = (
				761278E921955545009A5774 /* HomeShowView.h */,
				761278EA21955545009A5774 /* HomeShowView.m */,
				760CE63121992A2600CF2306 /* PageRoundScrollView.h */,
				760CE63221992A2600CF2306 /* PageRoundScrollView.m */,
			);
			path = View;
			sourceTree = "<group>";
		};
		7611C4B721942E6A00D6428E /* Service */ = {
			isa = PBXGroup;
			children = (
				7611C4B921942EA700D6428E /* Controller */,
				7611C4BA21942EB400D6428E /* View */,
			);
			path = Service;
			sourceTree = "<group>";
		};
		7611C4B821942E8500D6428E /* Order */ = {
			isa = PBXGroup;
			children = (
				7609C76A219D0FCC00689D07 /* Controller */,
				7609C76B219D0FD800689D07 /* View */,
			);
			path = Order;
			sourceTree = "<group>";
		};
		7611C4B921942EA700D6428E /* Controller */ = {
			isa = PBXGroup;
			children = (
				7609C779219D49C700689D07 /* ServiceViewController.h */,
				7609C77A219D49CE00689D07 /* ServiceViewController.m */,
			);
			path = Controller;
			sourceTree = "<group>";
		};
		7611C4BA21942EB400D6428E /* View */ = {
			isa = PBXGroup;
			children = (
			);
			path = View;
			sourceTree = "<group>";
		};
		7611C4C1219432D700D6428E /* Vender */ = {
			isa = PBXGroup;
			children = (
				761AF2D5215E0B2700F596D3 /* YJLocationPicker */,
			);
			path = Vender;
			sourceTree = "<group>";
		};
		7619A5EC219AA1D2005ADEEB /* PackagingCustom */ = {
			isa = PBXGroup;
			children = (
				7619A5FD219AB7E9005ADEEB /* PackagingBaseController.h */,
				7619A5FE219AB7E9005ADEEB /* PackagingBaseController.m */,
				76B612C1219ADB2D003657B0 /* PackagingLiningController.h */,
				76B612C2219ADB2D003657B0 /* PackagingLiningController.m */,
				7619A5F0219AA4F9005ADEEB /* PackagingPalletController.h */,
				7619A5F1219AA4F9005ADEEB /* PackagingPalletController.m */,
			);
			path = PackagingCustom;
			sourceTree = "<group>";
		};
		761AF2D1215E0A9600F596D3 /* Model */ = {
			isa = PBXGroup;
			children = (
				761AF2D2215E0AB200F596D3 /* ResultModel.h */,
				761AF2D3215E0AB200F596D3 /* ResultModel.m */,
			);
			path = Model;
			sourceTree = "<group>";
		};
		761AF2D5215E0B2700F596D3 /* YJLocationPicker */ = {
			isa = PBXGroup;
			children = (
				761AF2DB215E0B2700F596D3 /* UIView+Frame.h */,
				761AF2D7215E0B2700F596D3 /* UIView+Frame.m */,
				761AF2D9215E0B2700F596D3 /* YJToolBar.h */,
				761AF2D6215E0B2700F596D3 /* YJToolBar.m */,
				761AF2DA215E0B2700F596D3 /* YJLocationPicker.h */,
				761AF2D8215E0B2700F596D3 /* YJLocationPicker.m */,
			);
			path = YJLocationPicker;
			sourceTree = "<group>";
		};
		76605DFA2101B6ED00115FA6 = {
			isa = PBXGroup;
			children = (
				76605E052101B6ED00115FA6 /* Gallery */,
				76605E1E2101B6EF00115FA6 /* GalleryTests */,
				76605E292101B6EF00115FA6 /* GalleryUITests */,
				76605E042101B6ED00115FA6 /* Products */,
				A4A11029BD96BF87E72CB7E2 /* Pods */,
				4BF4BE34423DE0849C3C0DFA /* Frameworks */,
			);
			sourceTree = "<group>";
		};
		76605E042101B6ED00115FA6 /* Products */ = {
			isa = PBXGroup;
			children = (
				76605E032101B6ED00115FA6 /* Gallery.app */,
				76605E1B2101B6EF00115FA6 /* GalleryTests.xctest */,
				76605E262101B6EF00115FA6 /* GalleryUITests.xctest */,
			);
			name = Products;
			sourceTree = "<group>";
		};
		76605E052101B6ED00115FA6 /* Gallery */ = {
			isa = PBXGroup;
			children = (
				7611C4C1219432D700D6428E /* Vender */,
				761AF2D1215E0A9600F596D3 /* Model */,
				76605E5D2101CCA600115FA6 /* Helper */,
				76605E532101CC1C00115FA6 /* DataInfo */,
				76605E4C2101CBAE00115FA6 /* Request */,
				76605E422101CB4400115FA6 /* Category */,
				76605E3E2101CACA00115FA6 /* Base */,
				76605E3A2101C5EE00115FA6 /* Config */,
				76605E392101C0B500115FA6 /* Classes */,
				76605E382101B70800115FA6 /* AppDelegate */,
				76605E092101B6ED00115FA6 /* ViewController.h */,
				76605E0A2101B6ED00115FA6 /* ViewController.m */,
				760E94672151ED6200592929 /* Supporting Files */,
				76605E0C2101B6ED00115FA6 /* Main.storyboard */,
				76605E112101B6EE00115FA6 /* LaunchScreen.storyboard */,
			);
			path = Gallery;
			sourceTree = "<group>";
		};
		76605E1E2101B6EF00115FA6 /* GalleryTests */ = {
			isa = PBXGroup;
			children = (
				76605E1F2101B6EF00115FA6 /* GalleryTests.m */,
				76605E212101B6EF00115FA6 /* Info.plist */,
			);
			path = GalleryTests;
			sourceTree = "<group>";
		};
		76605E292101B6EF00115FA6 /* GalleryUITests */ = {
			isa = PBXGroup;
			children = (
				76605E2A2101B6EF00115FA6 /* GalleryUITests.m */,
				76605E2C2101B6EF00115FA6 /* Info.plist */,
			);
			path = GalleryUITests;
			sourceTree = "<group>";
		};
		76605E382101B70800115FA6 /* AppDelegate */ = {
			isa = PBXGroup;
			children = (
				76605E062101B6ED00115FA6 /* AppDelegate.h */,
				76605E072101B6ED00115FA6 /* AppDelegate.m */,
			);
			path = AppDelegate;
			sourceTree = "<group>";
		};
		76605E392101C0B500115FA6 /* Classes */ = {
			isa = PBXGroup;
			children = (
				760E946A2151F08800592929 /* Home */,
				7602112621917CF800C6F622 /* CategoryList */,
				7611C4B721942E6A00D6428E /* Service */,
				7611C4B821942E8500D6428E /* Order */,
				760E946B2151F09000592929 /* Me */,
				76605E572101CC5C00115FA6 /* Login */,
			);
			path = Classes;
			sourceTree = "<group>";
		};
		76605E3A2101C5EE00115FA6 /* Config */ = {
			isa = PBXGroup;
			children = (
				76605E3B2101C61200115FA6 /* PrefixHeader.pch */,
				76605E3C2101C77D00115FA6 /* Config.h */,
				76605E3D2101C79400115FA6 /* WeakStrongMacro.h */,
			);
			path = Config;
			sourceTree = "<group>";
		};
		76605E3E2101CACA00115FA6 /* Base */ = {
			isa = PBXGroup;
			children = (
				7655CC732150F27300D206C2 /* BaseNavigationController.h */,
				7655CC762150F27D00D206C2 /* BaseNavigationController.m */,
				7655CC852150F81600D206C2 /* BaseViewController.h */,
				7655CC862150F81600D206C2 /* BaseViewController.m */,
				7655CC752150F27D00D206C2 /* TabBarController.h */,
				7655CC742150F27C00D206C2 /* TabBarController.m */,
			);
			path = Base;
			sourceTree = "<group>";
		};
		76605E422101CB4400115FA6 /* Category */ = {
			isa = PBXGroup;
			children = (
				76605E432101CB4400115FA6 /* UIColor+UIColor_StringToRGB.h */,
				76605E462101CB4400115FA6 /* UIColor+UIColor_StringToRGB.m */,
				76605E442101CB4400115FA6 /* UITableView+EmptyData.h */,
				76605E472101CB4400115FA6 /* UITableView+EmptyData.m */,
			);
			path = Category;
			sourceTree = "<group>";
		};
		76605E4C2101CBAE00115FA6 /* Request */ = {
			isa = PBXGroup;
			children = (
				7655CC8B2150F89200D206C2 /* NetRequestClass.h */,
				7655CC892150F89200D206C2 /* NetRequestClass.m */,
				7655CC8A2150F89200D206C2 /* BaseDataRequest.h */,
				7655CC882150F89200D206C2 /* BaseDataRequest.m */,
				7655CC8F2150F8CD00D206C2 /* DataRequest.h */,
				7655CC8E2150F8CD00D206C2 /* DataRequest.m */,
			);
			path = Request;
			sourceTree = "<group>";
		};
		76605E532101CC1C00115FA6 /* DataInfo */ = {
			isa = PBXGroup;
			children = (
				76605E552101CC1C00115FA6 /* UserInfoSingleton.h */,
				76605E542101CC1C00115FA6 /* UserInfoSingleton.m */,
			);
			path = DataInfo;
			sourceTree = "<group>";
		};
		76605E572101CC5C00115FA6 /* Login */ = {
			isa = PBXGroup;
			children = (
				76605E582101CC6A00115FA6 /* Controller */,
				76605E592101CC7200115FA6 /* View */,
			);
			path = Login;
			sourceTree = "<group>";
		};
		76605E582101CC6A00115FA6 /* Controller */ = {
			isa = PBXGroup;
			children = (
				76605E5A2101CC8300115FA6 /* LoginViewController.h */,
				76605E5B2101CC8300115FA6 /* LoginViewController.m */,
			);
			path = Controller;
			sourceTree = "<group>";
		};
		76605E592101CC7200115FA6 /* View */ = {
			isa = PBXGroup;
			children = (
				8427020E219AA5E30025696F /* LoginView.h */,
				8427020F219AA5E30025696F /* LoginView.m */,
			);
			path = View;
			sourceTree = "<group>";
		};
		76605E5D2101CCA600115FA6 /* Helper */ = {
			isa = PBXGroup;
			children = (
				84270211219AAD390025696F /* NextButton.h */,
				84270212219AAD390025696F /* NextButton.m */,
				76605E5E2101CCB000115FA6 /* CommonUtil.h */,
				76605E5F2101CCB000115FA6 /* CommonUtil.m */,
				76605E622101CCBA00115FA6 /* UploadImageObject.h */,
				76605E612101CCBA00115FA6 /* UploadImageObject.m */,
			);
			path = Helper;
			sourceTree = "<group>";
		};
		76EE836A216B4B5000D317FF /* SceneView */ = {
			isa = PBXGroup;
			children = (
				76EE836B216B4B5000D317FF /* SceneView.h */,
				76EE836C216B4B5000D317FF /* SceneView.m */,
				7609C777219D454A00689D07 /* 2_timg.jpg */,
				7609C775219D453000689D07 /* tianmaojingling.DAE */,
				7611C4B22194196200D6428E /* HeZiZheDie.DAE */,
				7609C773219D3B4300689D07 /* 0_T_hezi_tietu_01_d.tga */,
				7611C4A52193D56E00D6428E /* B.tga */,
				7611C4A42193D56E00D6428E /* moxing.DAE */,
				7611C4A22193D56D00D6428E /* R.tga */,
				7627E55821898D9E00C7A5A3 /* nbox3gai.dae */,
			);
			path = SceneView;
			sourceTree = "<group>";
		};
		A4A11029BD96BF87E72CB7E2 /* Pods */ = {
			isa = PBXGroup;
			children = (
				5E670789B90931CD9C6C9E2D /* Pods-Gallery.debug.xcconfig */,
				A729398D12F9CD51A838399F /* Pods-Gallery.release.xcconfig */,
			);
			name = Pods;
			sourceTree = "<group>";
		};
/* End PBXGroup section */

/* Begin PBXNativeTarget section */
		76605E022101B6ED00115FA6 /* Gallery */ = {
			isa = PBXNativeTarget;
			buildConfigurationList = 76605E2F2101B6EF00115FA6 /* Build configuration list for PBXNativeTarget "Gallery" */;
			buildPhases = (
				F4FFAB15CA09B9D008047426 /* [CP] Check Pods Manifest.lock */,
				76605DFF2101B6ED00115FA6 /* Sources */,
				76605E002101B6ED00115FA6 /* Frameworks */,
				76605E012101B6ED00115FA6 /* Resources */,
				411CA902CA3A89D36A100AB4 /* [CP] Copy Pods Resources */,
			);
			buildRules = (
			);
			dependencies = (
			);
			name = Gallery;
			productName = Gallery;
			productReference = 76605E032101B6ED00115FA6 /* Gallery.app */;
			productType = "com.apple.product-type.application";
		};
		76605E1A2101B6EF00115FA6 /* GalleryTests */ = {
			isa = PBXNativeTarget;
			buildConfigurationList = 76605E322101B6EF00115FA6 /* Build configuration list for PBXNativeTarget "GalleryTests" */;
			buildPhases = (
				76605E172101B6EF00115FA6 /* Sources */,
				76605E182101B6EF00115FA6 /* Frameworks */,
				76605E192101B6EF00115FA6 /* Resources */,
			);
			buildRules = (
			);
			dependencies = (
				76605E1D2101B6EF00115FA6 /* PBXTargetDependency */,
			);
			name = GalleryTests;
			productName = GalleryTests;
			productReference = 76605E1B2101B6EF00115FA6 /* GalleryTests.xctest */;
			productType = "com.apple.product-type.bundle.unit-test";
		};
		76605E252101B6EF00115FA6 /* GalleryUITests */ = {
			isa = PBXNativeTarget;
			buildConfigurationList = 76605E352101B6EF00115FA6 /* Build configuration list for PBXNativeTarget "GalleryUITests" */;
			buildPhases = (
				76605E222101B6EF00115FA6 /* Sources */,
				76605E232101B6EF00115FA6 /* Frameworks */,
				76605E242101B6EF00115FA6 /* Resources */,
			);
			buildRules = (
			);
			dependencies = (
				76605E282101B6EF00115FA6 /* PBXTargetDependency */,
			);
			name = GalleryUITests;
			productName = GalleryUITests;
			productReference = 76605E262101B6EF00115FA6 /* GalleryUITests.xctest */;
			productType = "com.apple.product-type.bundle.ui-testing";
		};
/* End PBXNativeTarget section */

/* Begin PBXProject section */
		76605DFB2101B6ED00115FA6 /* Project object */ = {
			isa = PBXProject;
			attributes = {
				LastUpgradeCheck = 0940;
				ORGANIZATIONNAME = "安东";
				TargetAttributes = {
					76605E022101B6ED00115FA6 = {
						CreatedOnToolsVersion = 9.4.1;
					};
					76605E1A2101B6EF00115FA6 = {
						CreatedOnToolsVersion = 9.4.1;
						TestTargetID = 76605E022101B6ED00115FA6;
					};
					76605E252101B6EF00115FA6 = {
						CreatedOnToolsVersion = 9.4.1;
						TestTargetID = 76605E022101B6ED00115FA6;
					};
				};
			};
			buildConfigurationList = 76605DFE2101B6ED00115FA6 /* Build configuration list for PBXProject "Gallery" */;
			compatibilityVersion = "Xcode 9.3";
			developmentRegion = en;
			hasScannedForEncodings = 0;
			knownRegions = (
				en,
				Base,
			);
			mainGroup = 76605DFA2101B6ED00115FA6;
			productRefGroup = 76605E042101B6ED00115FA6 /* Products */;
			projectDirPath = "";
			projectRoot = "";
			targets = (
				76605E022101B6ED00115FA6 /* Gallery */,
				76605E1A2101B6EF00115FA6 /* GalleryTests */,
				76605E252101B6EF00115FA6 /* GalleryUITests */,
			);
		};
/* End PBXProject section */

/* Begin PBXResourcesBuildPhase section */
		76605E012101B6ED00115FA6 /* Resources */ = {
			isa = PBXResourcesBuildPhase;
			buildActionMask = 2147483647;
			files = (
				7609C776219D453000689D07 /* tianmaojingling.DAE in Resources */,
				7609C774219D3B4400689D07 /* 0_T_hezi_tietu_01_d.tga in Resources */,
				76605E132101B6EE00115FA6 /* LaunchScreen.storyboard in Resources */,
				7609C778219D454A00689D07 /* 2_timg.jpg in Resources */,
				7611C4A62193D56E00D6428E /* R.tga in Resources */,
				7655CC922150F92A00D206C2 /* Assets.xcassets in Resources */,
				7611C4A92193D56E00D6428E /* B.tga in Resources */,
				7627E55921898D9E00C7A5A3 /* nbox3gai.dae in Resources */,
				7611C4B32194196200D6428E /* HeZiZheDie.DAE in Resources */,
				760E94692151ED9B00592929 /* DataList.plist in Resources */,
				76605E0E2101B6ED00115FA6 /* Main.storyboard in Resources */,
				7611C4A82193D56E00D6428E /* moxing.DAE in Resources */,
			);
			runOnlyForDeploymentPostprocessing = 0;
		};
		76605E192101B6EF00115FA6 /* Resources */ = {
			isa = PBXResourcesBuildPhase;
			buildActionMask = 2147483647;
			files = (
			);
			runOnlyForDeploymentPostprocessing = 0;
		};
		76605E242101B6EF00115FA6 /* Resources */ = {
			isa = PBXResourcesBuildPhase;
			buildActionMask = 2147483647;
			files = (
			);
			runOnlyForDeploymentPostprocessing = 0;
		};
/* End PBXResourcesBuildPhase section */

/* Begin PBXShellScriptBuildPhase section */
		411CA902CA3A89D36A100AB4 /* [CP] Copy Pods Resources */ = {
			isa = PBXShellScriptBuildPhase;
			buildActionMask = 2147483647;
			files = (
			);
			inputPaths = (
				"${SRCROOT}/Pods/Target Support Files/Pods-Gallery/Pods-Gallery-resources.sh",
				"${PODS_ROOT}/MJRefresh/MJRefresh/MJRefresh.bundle",
			);
			name = "[CP] Copy Pods Resources";
			outputPaths = (
				"${TARGET_BUILD_DIR}/${UNLOCALIZED_RESOURCES_FOLDER_PATH}/MJRefresh.bundle",
			);
			runOnlyForDeploymentPostprocessing = 0;
			shellPath = /bin/sh;
			shellScript = "\"${SRCROOT}/Pods/Target Support Files/Pods-Gallery/Pods-Gallery-resources.sh\"\n";
			showEnvVarsInLog = 0;
		};
		F4FFAB15CA09B9D008047426 /* [CP] Check Pods Manifest.lock */ = {
			isa = PBXShellScriptBuildPhase;
			buildActionMask = 2147483647;
			files = (
			);
			inputPaths = (
				"${PODS_PODFILE_DIR_PATH}/Podfile.lock",
				"${PODS_ROOT}/Manifest.lock",
			);
			name = "[CP] Check Pods Manifest.lock";
			outputPaths = (
				"$(DERIVED_FILE_DIR)/Pods-Gallery-checkManifestLockResult.txt",
			);
			runOnlyForDeploymentPostprocessing = 0;
			shellPath = /bin/sh;
			shellScript = "diff \"${PODS_PODFILE_DIR_PATH}/Podfile.lock\" \"${PODS_ROOT}/Manifest.lock\" > /dev/null\nif [ $? != 0 ] ; then\n    # print error to STDERR\n    echo \"error: The sandbox is not in sync with the Podfile.lock. Run 'pod install' or update your CocoaPods installation.\" >&2\n    exit 1\nfi\n# This output is used by Xcode 'outputs' to avoid re-running this script phase.\necho \"SUCCESS\" > \"${SCRIPT_OUTPUT_FILE_0}\"\n";
			showEnvVarsInLog = 0;
		};
/* End PBXShellScriptBuildPhase section */

/* Begin PBXSourcesBuildPhase section */
		76605DFF2101B6ED00115FA6 /* Sources */ = {
			isa = PBXSourcesBuildPhase;
			buildActionMask = 2147483647;
			files = (
				76B612C3219ADB2D003657B0 /* PackagingLiningController.m in Sources */,
				7619A5FF219AB7E9005ADEEB /* PackagingBaseController.m in Sources */,
				76605E0B2101B6ED00115FA6 /* ViewController.m in Sources */,
				7655CC872150F81600D206C2 /* BaseViewController.m in Sources */,
				761AF2DC215E0B2700F596D3 /* YJToolBar.m in Sources */,
				76605E492101CB4400115FA6 /* UIColor+UIColor_StringToRGB.m in Sources */,
				76605E5C2101CC8300115FA6 /* LoginViewController.m in Sources */,
				84270213219AAD390025696F /* NextButton.m in Sources */,
				76605E562101CC1C00115FA6 /* UserInfoSingleton.m in Sources */,
				761AF2D4215E0AB200F596D3 /* ResultModel.m in Sources */,
				7602112B21917D5F00C6F622 /* CategoryListController.m in Sources */,
				7609C76E219D159D00689D07 /* OrderViewController.m in Sources */,
				76EE836E216B4B5000D317FF /* SceneView.m in Sources */,
				8455A4E021942E5A00B52A2B /* CategoryDetailController.m in Sources */,
				7619A5FC219AB431005ADEEB /* PackagingCustomView.m in Sources */,
				76605E602101CCB100115FA6 /* CommonUtil.m in Sources */,
				7655CC8D2150F89200D206C2 /* NetRequestClass.m in Sources */,
				7655CC792150F27E00D206C2 /* TabBarController.m in Sources */,
				7609C77B219D49CE00689D07 /* ServiceViewController.m in Sources */,
				76605E162101B6EF00115FA6 /* main.m in Sources */,
				7619A5F2219AA4F9005ADEEB /* PackagingPalletController.m in Sources */,
				760CE63321992A2600CF2306 /* PageRoundScrollView.m in Sources */,
				76605E632101CCBA00115FA6 /* UploadImageObject.m in Sources */,
				761278EB21955545009A5774 /* HomeShowView.m in Sources */,
				76605E082101B6ED00115FA6 /* AppDelegate.m in Sources */,
				761AF2DE215E0B2700F596D3 /* YJLocationPicker.m in Sources */,
				76605E4A2101CB4400115FA6 /* UITableView+EmptyData.m in Sources */,
				761278EE219584A9009A5774 /* SceneViewController.m in Sources */,
				7655CC7A2150F27E00D206C2 /* BaseNavigationController.m in Sources */,
				761AF2DD215E0B2700F596D3 /* UIView+Frame.m in Sources */,
				7655CC8C2150F89200D206C2 /* BaseDataRequest.m in Sources */,
				8455A4DD21942C0D00B52A2B /* CategoryDetallCell.m in Sources */,
				84EC1BCD21952B8E00527577 /* ProductDetailController.m in Sources */,
				760211312191856800C6F622 /* CategoryCell.m in Sources */,
				7611C4C021942FF900D6428E /* HomeViewController.m in Sources */,
				7655CC902150F8CD00D206C2 /* DataRequest.m in Sources */,
				7602112E21917DEB00C6F622 /* ProductsViewController.m in Sources */,
				84270210219AA5E30025696F /* LoginView.m in Sources */,
				84EC1BDF219564D800527577 /* TopPageSlideController.m in Sources */,
				760E94762151F0DB00592929 /* MeViewController.m in Sources */,
			);
			runOnlyForDeploymentPostprocessing = 0;
		};
		76605E172101B6EF00115FA6 /* Sources */ = {
			isa = PBXSourcesBuildPhase;
			buildActionMask = 2147483647;
			files = (
				76605E202101B6EF00115FA6 /* GalleryTests.m in Sources */,
			);
			runOnlyForDeploymentPostprocessing = 0;
		};
		76605E222101B6EF00115FA6 /* Sources */ = {
			isa = PBXSourcesBuildPhase;
			buildActionMask = 2147483647;
			files = (
				76605E2B2101B6EF00115FA6 /* GalleryUITests.m in Sources */,
			);
			runOnlyForDeploymentPostprocessing = 0;
		};
/* End PBXSourcesBuildPhase section */

/* Begin PBXTargetDependency section */
		76605E1D2101B6EF00115FA6 /* PBXTargetDependency */ = {
			isa = PBXTargetDependency;
			target = 76605E022101B6ED00115FA6 /* Gallery */;
			targetProxy = 76605E1C2101B6EF00115FA6 /* PBXContainerItemProxy */;
		};
		76605E282101B6EF00115FA6 /* PBXTargetDependency */ = {
			isa = PBXTargetDependency;
			target = 76605E022101B6ED00115FA6 /* Gallery */;
			targetProxy = 76605E272101B6EF00115FA6 /* PBXContainerItemProxy */;
		};
/* End PBXTargetDependency section */

/* Begin PBXVariantGroup section */
		76605E0C2101B6ED00115FA6 /* Main.storyboard */ = {
			isa = PBXVariantGroup;
			children = (
				76605E0D2101B6ED00115FA6 /* Base */,
			);
			name = Main.storyboard;
			sourceTree = "<group>";
		};
		76605E112101B6EE00115FA6 /* LaunchScreen.storyboard */ = {
			isa = PBXVariantGroup;
			children = (
				76605E122101B6EE00115FA6 /* Base */,
			);
			name = LaunchScreen.storyboard;
			sourceTree = "<group>";
		};
/* End PBXVariantGroup section */

/* Begin XCBuildConfiguration section */
		76605E2D2101B6EF00115FA6 /* Debug */ = {
			isa = XCBuildConfiguration;
			buildSettings = {
				ALWAYS_SEARCH_USER_PATHS = NO;
				CLANG_ANALYZER_NONNULL = YES;
				CLANG_ANALYZER_NUMBER_OBJECT_CONVERSION = YES_AGGRESSIVE;
				CLANG_CXX_LANGUAGE_STANDARD = "gnu++14";
				CLANG_CXX_LIBRARY = "libc++";
				CLANG_ENABLE_MODULES = YES;
				CLANG_ENABLE_OBJC_ARC = YES;
				CLANG_ENABLE_OBJC_WEAK = YES;
				CLANG_WARN_BLOCK_CAPTURE_AUTORELEASING = YES;
				CLANG_WARN_BOOL_CONVERSION = YES;
				CLANG_WARN_COMMA = YES;
				CLANG_WARN_CONSTANT_CONVERSION = YES;
				CLANG_WARN_DEPRECATED_OBJC_IMPLEMENTATIONS = YES;
				CLANG_WARN_DIRECT_OBJC_ISA_USAGE = YES_ERROR;
				CLANG_WARN_DOCUMENTATION_COMMENTS = YES;
				CLANG_WARN_EMPTY_BODY = YES;
				CLANG_WARN_ENUM_CONVERSION = YES;
				CLANG_WARN_INFINITE_RECURSION = YES;
				CLANG_WARN_INT_CONVERSION = YES;
				CLANG_WARN_NON_LITERAL_NULL_CONVERSION = YES;
				CLANG_WARN_OBJC_IMPLICIT_RETAIN_SELF = YES;
				CLANG_WARN_OBJC_LITERAL_CONVERSION = YES;
				CLANG_WARN_OBJC_ROOT_CLASS = YES_ERROR;
				CLANG_WARN_RANGE_LOOP_ANALYSIS = YES;
				CLANG_WARN_STRICT_PROTOTYPES = YES;
				CLANG_WARN_SUSPICIOUS_MOVE = YES;
				CLANG_WARN_UNGUARDED_AVAILABILITY = YES_AGGRESSIVE;
				CLANG_WARN_UNREACHABLE_CODE = YES;
				CLANG_WARN__DUPLICATE_METHOD_MATCH = YES;
				CODE_SIGN_IDENTITY = "iPhone Developer";
				COPY_PHASE_STRIP = NO;
				DEBUG_INFORMATION_FORMAT = dwarf;
				ENABLE_STRICT_OBJC_MSGSEND = YES;
				ENABLE_TESTABILITY = YES;
				GCC_C_LANGUAGE_STANDARD = gnu11;
				GCC_DYNAMIC_NO_PIC = NO;
				GCC_NO_COMMON_BLOCKS = YES;
				GCC_OPTIMIZATION_LEVEL = 0;
				GCC_PREPROCESSOR_DEFINITIONS = (
					"DEBUG=1",
					"$(inherited)",
				);
				GCC_WARN_64_TO_32_BIT_CONVERSION = YES;
				GCC_WARN_ABOUT_RETURN_TYPE = YES_ERROR;
				GCC_WARN_UNDECLARED_SELECTOR = YES;
				GCC_WARN_UNINITIALIZED_AUTOS = YES_AGGRESSIVE;
				GCC_WARN_UNUSED_FUNCTION = YES;
				GCC_WARN_UNUSED_VARIABLE = YES;
				IPHONEOS_DEPLOYMENT_TARGET = 11.4;
				MTL_ENABLE_DEBUG_INFO = YES;
				ONLY_ACTIVE_ARCH = YES;
				SDKROOT = iphoneos;
			};
			name = Debug;
		};
		76605E2E2101B6EF00115FA6 /* Release */ = {
			isa = XCBuildConfiguration;
			buildSettings = {
				ALWAYS_SEARCH_USER_PATHS = NO;
				CLANG_ANALYZER_NONNULL = YES;
				CLANG_ANALYZER_NUMBER_OBJECT_CONVERSION = YES_AGGRESSIVE;
				CLANG_CXX_LANGUAGE_STANDARD = "gnu++14";
				CLANG_CXX_LIBRARY = "libc++";
				CLANG_ENABLE_MODULES = YES;
				CLANG_ENABLE_OBJC_ARC = YES;
				CLANG_ENABLE_OBJC_WEAK = YES;
				CLANG_WARN_BLOCK_CAPTURE_AUTORELEASING = YES;
				CLANG_WARN_BOOL_CONVERSION = YES;
				CLANG_WARN_COMMA = YES;
				CLANG_WARN_CONSTANT_CONVERSION = YES;
				CLANG_WARN_DEPRECATED_OBJC_IMPLEMENTATIONS = YES;
				CLANG_WARN_DIRECT_OBJC_ISA_USAGE = YES_ERROR;
				CLANG_WARN_DOCUMENTATION_COMMENTS = YES;
				CLANG_WARN_EMPTY_BODY = YES;
				CLANG_WARN_ENUM_CONVERSION = YES;
				CLANG_WARN_INFINITE_RECURSION = YES;
				CLANG_WARN_INT_CONVERSION = YES;
				CLANG_WARN_NON_LITERAL_NULL_CONVERSION = YES;
				CLANG_WARN_OBJC_IMPLICIT_RETAIN_SELF = YES;
				CLANG_WARN_OBJC_LITERAL_CONVERSION = YES;
				CLANG_WARN_OBJC_ROOT_CLASS = YES_ERROR;
				CLANG_WARN_RANGE_LOOP_ANALYSIS = YES;
				CLANG_WARN_STRICT_PROTOTYPES = YES;
				CLANG_WARN_SUSPICIOUS_MOVE = YES;
				CLANG_WARN_UNGUARDED_AVAILABILITY = YES_AGGRESSIVE;
				CLANG_WARN_UNREACHABLE_CODE = YES;
				CLANG_WARN__DUPLICATE_METHOD_MATCH = YES;
				CODE_SIGN_IDENTITY = "iPhone Developer";
				COPY_PHASE_STRIP = NO;
				DEBUG_INFORMATION_FORMAT = "dwarf-with-dsym";
				ENABLE_NS_ASSERTIONS = NO;
				ENABLE_STRICT_OBJC_MSGSEND = YES;
				GCC_C_LANGUAGE_STANDARD = gnu11;
				GCC_NO_COMMON_BLOCKS = YES;
				GCC_WARN_64_TO_32_BIT_CONVERSION = YES;
				GCC_WARN_ABOUT_RETURN_TYPE = YES_ERROR;
				GCC_WARN_UNDECLARED_SELECTOR = YES;
				GCC_WARN_UNINITIALIZED_AUTOS = YES_AGGRESSIVE;
				GCC_WARN_UNUSED_FUNCTION = YES;
				GCC_WARN_UNUSED_VARIABLE = YES;
				IPHONEOS_DEPLOYMENT_TARGET = 11.4;
				MTL_ENABLE_DEBUG_INFO = NO;
				SDKROOT = iphoneos;
				VALIDATE_PRODUCT = YES;
			};
			name = Release;
		};
		76605E302101B6EF00115FA6 /* Debug */ = {
			isa = XCBuildConfiguration;
			baseConfigurationReference = 5E670789B90931CD9C6C9E2D /* Pods-Gallery.debug.xcconfig */;
			buildSettings = {
				ASSETCATALOG_COMPILER_APPICON_NAME = AppIcon;
				ASSETCATALOG_COMPILER_LAUNCHIMAGE_NAME = LaunchImage;
				CODE_SIGN_STYLE = Automatic;
				DEVELOPMENT_TEAM = 339DUDKSZG;
				GCC_PRECOMPILE_PREFIX_HEADER = YES;
				GCC_PREFIX_HEADER = Gallery/Config/PrefixHeader.pch;
				INFOPLIST_FILE = "Gallery/Supporting Files/Info.plist";
				IPHONEOS_DEPLOYMENT_TARGET = 9.0;
				LD_RUNPATH_SEARCH_PATHS = (
					"$(inherited)",
					"@executable_path/Frameworks",
				);
				PRODUCT_BUNDLE_IDENTIFIER = com.Gallery;
				PRODUCT_NAME = "$(TARGET_NAME)";
				TARGETED_DEVICE_FAMILY = "1,2";
			};
			name = Debug;
		};
		76605E312101B6EF00115FA6 /* Release */ = {
			isa = XCBuildConfiguration;
			baseConfigurationReference = A729398D12F9CD51A838399F /* Pods-Gallery.release.xcconfig */;
			buildSettings = {
				ASSETCATALOG_COMPILER_APPICON_NAME = AppIcon;
				ASSETCATALOG_COMPILER_LAUNCHIMAGE_NAME = LaunchImage;
				CODE_SIGN_STYLE = Automatic;
				DEVELOPMENT_TEAM = 339DUDKSZG;
				GCC_PRECOMPILE_PREFIX_HEADER = YES;
				GCC_PREFIX_HEADER = Gallery/Config/PrefixHeader.pch;
				INFOPLIST_FILE = "Gallery/Supporting Files/Info.plist";
				IPHONEOS_DEPLOYMENT_TARGET = 9.0;
				LD_RUNPATH_SEARCH_PATHS = (
					"$(inherited)",
					"@executable_path/Frameworks",
				);
				PRODUCT_BUNDLE_IDENTIFIER = com.Gallery;
				PRODUCT_NAME = "$(TARGET_NAME)";
				TARGETED_DEVICE_FAMILY = "1,2";
			};
			name = Release;
		};
		76605E332101B6EF00115FA6 /* Debug */ = {
			isa = XCBuildConfiguration;
			buildSettings = {
				BUNDLE_LOADER = "$(TEST_HOST)";
				CODE_SIGN_STYLE = Automatic;
				DEVELOPMENT_TEAM = 339DUDKSZG;
				INFOPLIST_FILE = GalleryTests/Info.plist;
				LD_RUNPATH_SEARCH_PATHS = (
					"$(inherited)",
					"@executable_path/Frameworks",
					"@loader_path/Frameworks",
				);
				PRODUCT_BUNDLE_IDENTIFIER = com.GalleryTests;
				PRODUCT_NAME = "$(TARGET_NAME)";
				TARGETED_DEVICE_FAMILY = "1,2";
				TEST_HOST = "$(BUILT_PRODUCTS_DIR)/Gallery.app/Gallery";
			};
			name = Debug;
		};
		76605E342101B6EF00115FA6 /* Release */ = {
			isa = XCBuildConfiguration;
			buildSettings = {
				BUNDLE_LOADER = "$(TEST_HOST)";
				CODE_SIGN_STYLE = Automatic;
				DEVELOPMENT_TEAM = 339DUDKSZG;
				INFOPLIST_FILE = GalleryTests/Info.plist;
				LD_RUNPATH_SEARCH_PATHS = (
					"$(inherited)",
					"@executable_path/Frameworks",
					"@loader_path/Frameworks",
				);
				PRODUCT_BUNDLE_IDENTIFIER = com.GalleryTests;
				PRODUCT_NAME = "$(TARGET_NAME)";
				TARGETED_DEVICE_FAMILY = "1,2";
				TEST_HOST = "$(BUILT_PRODUCTS_DIR)/Gallery.app/Gallery";
			};
			name = Release;
		};
		76605E362101B6EF00115FA6 /* Debug */ = {
			isa = XCBuildConfiguration;
			buildSettings = {
				CODE_SIGN_STYLE = Automatic;
				DEVELOPMENT_TEAM = 339DUDKSZG;
				INFOPLIST_FILE = GalleryUITests/Info.plist;
				LD_RUNPATH_SEARCH_PATHS = (
					"$(inherited)",
					"@executable_path/Frameworks",
					"@loader_path/Frameworks",
				);
				PRODUCT_BUNDLE_IDENTIFIER = com.GalleryUITests;
				PRODUCT_NAME = "$(TARGET_NAME)";
				TARGETED_DEVICE_FAMILY = "1,2";
				TEST_TARGET_NAME = Gallery;
			};
			name = Debug;
		};
		76605E372101B6EF00115FA6 /* Release */ = {
			isa = XCBuildConfiguration;
			buildSettings = {
				CODE_SIGN_STYLE = Automatic;
				DEVELOPMENT_TEAM = 339DUDKSZG;
				INFOPLIST_FILE = GalleryUITests/Info.plist;
				LD_RUNPATH_SEARCH_PATHS = (
					"$(inherited)",
					"@executable_path/Frameworks",
					"@loader_path/Frameworks",
				);
				PRODUCT_BUNDLE_IDENTIFIER = com.GalleryUITests;
				PRODUCT_NAME = "$(TARGET_NAME)";
				TARGETED_DEVICE_FAMILY = "1,2";
				TEST_TARGET_NAME = Gallery;
			};
			name = Release;
		};
/* End XCBuildConfiguration section */

/* Begin XCConfigurationList section */
		76605DFE2101B6ED00115FA6 /* Build configuration list for PBXProject "Gallery" */ = {
			isa = XCConfigurationList;
			buildConfigurations = (
				76605E2D2101B6EF00115FA6 /* Debug */,
				76605E2E2101B6EF00115FA6 /* Release */,
			);
			defaultConfigurationIsVisible = 0;
			defaultConfigurationName = Release;
		};
		76605E2F2101B6EF00115FA6 /* Build configuration list for PBXNativeTarget "Gallery" */ = {
			isa = XCConfigurationList;
			buildConfigurations = (
				76605E302101B6EF00115FA6 /* Debug */,
				76605E312101B6EF00115FA6 /* Release */,
			);
			defaultConfigurationIsVisible = 0;
			defaultConfigurationName = Release;
		};
		76605E322101B6EF00115FA6 /* Build configuration list for PBXNativeTarget "GalleryTests" */ = {
			isa = XCConfigurationList;
			buildConfigurations = (
				76605E332101B6EF00115FA6 /* Debug */,
				76605E342101B6EF00115FA6 /* Release */,
			);
			defaultConfigurationIsVisible = 0;
			defaultConfigurationName = Release;
		};
		76605E352101B6EF00115FA6 /* Build configuration list for PBXNativeTarget "GalleryUITests" */ = {
			isa = XCConfigurationList;
			buildConfigurations = (
				76605E362101B6EF00115FA6 /* Debug */,
				76605E372101B6EF00115FA6 /* Release */,
			);
			defaultConfigurationIsVisible = 0;
			defaultConfigurationName = Release;
		};
/* End XCConfigurationList section */
	};
	rootObject = 76605DFB2101B6ED00115FA6 /* Project object */;
}
