// !$*UTF8*$!
{
	archiveVersion = 1;
	classes = {
	};
	objectVersion = 50;
	objects = {

/* Begin PBXBuildFile section */
		309C3E1E5E067158DA0F8B2C /* libPods-Gallery.a in Frameworks */ = {isa = PBXBuildFile; fileRef = 71A286852C7FF83EA767FD67 /* libPods-Gallery.a */; };
		760E94692151ED9B00592929 /* DataList.plist in Resources */ = {isa = PBXBuildFile; fileRef = 760E94682151ED9B00592929 /* DataList.plist */; };
		760E94732151F0D100592929 /* HomeViewController.m in Sources */ = {isa = PBXBuildFile; fileRef = 760E94722151F0D100592929 /* HomeViewController.m */; };
		760E94762151F0DB00592929 /* MeViewController.m in Sources */ = {isa = PBXBuildFile; fileRef = 760E94752151F0DB00592929 /* MeViewController.m */; };
		76110A63215CAB47001D8453 /* quote.json in Resources */ = {isa = PBXBuildFile; fileRef = 76110A62215CAB47001D8453 /* quote.json */; };
		761AF2D4215E0AB200F596D3 /* ResultModel.m in Sources */ = {isa = PBXBuildFile; fileRef = 761AF2D3215E0AB200F596D3 /* ResultModel.m */; };
		761AF2DC215E0B2700F596D3 /* YJToolBar.m in Sources */ = {isa = PBXBuildFile; fileRef = 761AF2D6215E0B2700F596D3 /* YJToolBar.m */; };
		761AF2DD215E0B2700F596D3 /* UIView+Frame.m in Sources */ = {isa = PBXBuildFile; fileRef = 761AF2D7215E0B2700F596D3 /* UIView+Frame.m */; };
		761AF2DE215E0B2700F596D3 /* YJLocationPicker.m in Sources */ = {isa = PBXBuildFile; fileRef = 761AF2D8215E0B2700F596D3 /* YJLocationPicker.m */; };
		7620C1662159D61D00AD6653 /* QuoteSectionView.m in Sources */ = {isa = PBXBuildFile; fileRef = 7620C1652159D61D00AD6653 /* QuoteSectionView.m */; };
		7620C1692159E0F600AD6653 /* QuoteCell.m in Sources */ = {isa = PBXBuildFile; fileRef = 7620C1682159E0F600AD6653 /* QuoteCell.m */; };
		764CDD96215376770028CE81 /* PickerView.m in Sources */ = {isa = PBXBuildFile; fileRef = 764CDD95215376770028CE81 /* PickerView.m */; };
		7655CC792150F27E00D206C2 /* TabBarController.m in Sources */ = {isa = PBXBuildFile; fileRef = 7655CC742150F27C00D206C2 /* TabBarController.m */; };
		7655CC7A2150F27E00D206C2 /* BaseNavigationController.m in Sources */ = {isa = PBXBuildFile; fileRef = 7655CC762150F27D00D206C2 /* BaseNavigationController.m */; };
		7655CC872150F81600D206C2 /* BaseViewController.m in Sources */ = {isa = PBXBuildFile; fileRef = 7655CC862150F81600D206C2 /* BaseViewController.m */; };
		7655CC8C2150F89200D206C2 /* BaseDataRequest.m in Sources */ = {isa = PBXBuildFile; fileRef = 7655CC882150F89200D206C2 /* BaseDataRequest.m */; };
		7655CC8D2150F89200D206C2 /* NetRequestClass.m in Sources */ = {isa = PBXBuildFile; fileRef = 7655CC892150F89200D206C2 /* NetRequestClass.m */; };
		7655CC902150F8CD00D206C2 /* DataRequest.m in Sources */ = {isa = PBXBuildFile; fileRef = 7655CC8E2150F8CD00D206C2 /* DataRequest.m */; };
		7655CC922150F92A00D206C2 /* Assets.xcassets in Resources */ = {isa = PBXBuildFile; fileRef = 7655CC912150F92A00D206C2 /* Assets.xcassets */; };
		76605E082101B6ED00115FA6 /* AppDelegate.m in Sources */ = {isa = PBXBuildFile; fileRef = 76605E072101B6ED00115FA6 /* AppDelegate.m */; };
		76605E0B2101B6ED00115FA6 /* ViewController.m in Sources */ = {isa = PBXBuildFile; fileRef = 76605E0A2101B6ED00115FA6 /* ViewController.m */; };
		76605E0E2101B6ED00115FA6 /* Main.storyboard in Resources */ = {isa = PBXBuildFile; fileRef = 76605E0C2101B6ED00115FA6 /* Main.storyboard */; };
		76605E132101B6EE00115FA6 /* LaunchScreen.storyboard in Resources */ = {isa = PBXBuildFile; fileRef = 76605E112101B6EE00115FA6 /* LaunchScreen.storyboard */; };
		76605E162101B6EF00115FA6 /* main.m in Sources */ = {isa = PBXBuildFile; fileRef = 76605E152101B6EF00115FA6 /* main.m */; };
		76605E202101B6EF00115FA6 /* GalleryTests.m in Sources */ = {isa = PBXBuildFile; fileRef = 76605E1F2101B6EF00115FA6 /* GalleryTests.m */; };
		76605E2B2101B6EF00115FA6 /* GalleryUITests.m in Sources */ = {isa = PBXBuildFile; fileRef = 76605E2A2101B6EF00115FA6 /* GalleryUITests.m */; };
		76605E492101CB4400115FA6 /* UIColor+UIColor_StringToRGB.m in Sources */ = {isa = PBXBuildFile; fileRef = 76605E462101CB4400115FA6 /* UIColor+UIColor_StringToRGB.m */; };
		76605E4A2101CB4400115FA6 /* UITableView+EmptyData.m in Sources */ = {isa = PBXBuildFile; fileRef = 76605E472101CB4400115FA6 /* UITableView+EmptyData.m */; };
		76605E562101CC1C00115FA6 /* UserInfoSingleton.m in Sources */ = {isa = PBXBuildFile; fileRef = 76605E542101CC1C00115FA6 /* UserInfoSingleton.m */; };
		76605E5C2101CC8300115FA6 /* LoginViewController.m in Sources */ = {isa = PBXBuildFile; fileRef = 76605E5B2101CC8300115FA6 /* LoginViewController.m */; };
		76605E602101CCB100115FA6 /* CommonUtil.m in Sources */ = {isa = PBXBuildFile; fileRef = 76605E5F2101CCB000115FA6 /* CommonUtil.m */; };
		76605E632101CCBA00115FA6 /* UploadImageObject.m in Sources */ = {isa = PBXBuildFile; fileRef = 76605E612101CCBA00115FA6 /* UploadImageObject.m */; };
		76E7C05E2152393A009CECAF /* QuoteViewController.m in Sources */ = {isa = PBXBuildFile; fileRef = 76E7C05C2152393A009CECAF /* QuoteViewController.m */; };
		76EE836E216B4B5000D317FF /* SceneView.m in Sources */ = {isa = PBXBuildFile; fileRef = 76EE836C216B4B5000D317FF /* SceneView.m */; };
		76EE836F216B4B5000D317FF /* art.scnassets in Resources */ = {isa = PBXBuildFile; fileRef = 76EE836D216B4B5000D317FF /* art.scnassets */; };
		842FB016215CD2460082336C /* SelectTableViewCell.m in Sources */ = {isa = PBXBuildFile; fileRef = 842FB015215CD2460082336C /* SelectTableViewCell.m */; };
		846F2F7821522E8C00AB76D5 /* MateriaIInformationViewController.m in Sources */ = {isa = PBXBuildFile; fileRef = 846F2F7721522E8C00AB76D5 /* MateriaIInformationViewController.m */; };
		846F2F8121522F9700AB76D5 /* MaterialInformationTableViewCell.m in Sources */ = {isa = PBXBuildFile; fileRef = 846F2F8021522F9700AB76D5 /* MaterialInformationTableViewCell.m */; };
/* End PBXBuildFile section */

/* Begin PBXContainerItemProxy section */
		76605E1C2101B6EF00115FA6 /* PBXContainerItemProxy */ = {
			isa = PBXContainerItemProxy;
			containerPortal = 76605DFB2101B6ED00115FA6 /* Project object */;
			proxyType = 1;
			remoteGlobalIDString = 76605E022101B6ED00115FA6;
			remoteInfo = Gallery;
		};
		76605E272101B6EF00115FA6 /* PBXContainerItemProxy */ = {
			isa = PBXContainerItemProxy;
			containerPortal = 76605DFB2101B6ED00115FA6 /* Project object */;
			proxyType = 1;
			remoteGlobalIDString = 76605E022101B6ED00115FA6;
			remoteInfo = Gallery;
		};
/* End PBXContainerItemProxy section */

/* Begin PBXFileReference section */
		5E670789B90931CD9C6C9E2D /* Pods-Gallery.debug.xcconfig */ = {isa = PBXFileReference; includeInIndex = 1; lastKnownFileType = text.xcconfig; name = "Pods-Gallery.debug.xcconfig"; path = "Pods/Target Support Files/Pods-Gallery/Pods-Gallery.debug.xcconfig"; sourceTree = "<group>"; };
		71A286852C7FF83EA767FD67 /* libPods-Gallery.a */ = {isa = PBXFileReference; explicitFileType = archive.ar; includeInIndex = 0; path = "libPods-Gallery.a"; sourceTree = BUILT_PRODUCTS_DIR; };
		760E94682151ED9B00592929 /* DataList.plist */ = {isa = PBXFileReference; fileEncoding = 4; lastKnownFileType = text.plist.xml; path = DataList.plist; sourceTree = "<group>"; };
		760E94712151F0D100592929 /* HomeViewController.h */ = {isa = PBXFileReference; lastKnownFileType = sourcecode.c.h; path = HomeViewController.h; sourceTree = "<group>"; };
		760E94722151F0D100592929 /* HomeViewController.m */ = {isa = PBXFileReference; lastKnownFileType = sourcecode.c.objc; path = HomeViewController.m; sourceTree = "<group>"; };
		760E94742151F0DB00592929 /* MeViewController.h */ = {isa = PBXFileReference; lastKnownFileType = sourcecode.c.h; path = MeViewController.h; sourceTree = "<group>"; };
		760E94752151F0DB00592929 /* MeViewController.m */ = {isa = PBXFileReference; lastKnownFileType = sourcecode.c.objc; path = MeViewController.m; sourceTree = "<group>"; };
		76110A62215CAB47001D8453 /* quote.json */ = {isa = PBXFileReference; fileEncoding = 4; lastKnownFileType = text.json; path = quote.json; sourceTree = "<group>"; };
		761AF2D2215E0AB200F596D3 /* ResultModel.h */ = {isa = PBXFileReference; lastKnownFileType = sourcecode.c.h; path = ResultModel.h; sourceTree = "<group>"; };
		761AF2D3215E0AB200F596D3 /* ResultModel.m */ = {isa = PBXFileReference; lastKnownFileType = sourcecode.c.objc; path = ResultModel.m; sourceTree = "<group>"; };
		761AF2D6215E0B2700F596D3 /* YJToolBar.m */ = {isa = PBXFileReference; fileEncoding = 4; lastKnownFileType = sourcecode.c.objc; path = YJToolBar.m; sourceTree = "<group>"; };
		761AF2D7215E0B2700F596D3 /* UIView+Frame.m */ = {isa = PBXFileReference; fileEncoding = 4; lastKnownFileType = sourcecode.c.objc; path = "UIView+Frame.m"; sourceTree = "<group>"; };
		761AF2D8215E0B2700F596D3 /* YJLocationPicker.m */ = {isa = PBXFileReference; fileEncoding = 4; lastKnownFileType = sourcecode.c.objc; path = YJLocationPicker.m; sourceTree = "<group>"; };
		761AF2D9215E0B2700F596D3 /* YJToolBar.h */ = {isa = PBXFileReference; fileEncoding = 4; lastKnownFileType = sourcecode.c.h; path = YJToolBar.h; sourceTree = "<group>"; };
		761AF2DA215E0B2700F596D3 /* YJLocationPicker.h */ = {isa = PBXFileReference; fileEncoding = 4; lastKnownFileType = sourcecode.c.h; path = YJLocationPicker.h; sourceTree = "<group>"; };
		761AF2DB215E0B2700F596D3 /* UIView+Frame.h */ = {isa = PBXFileReference; fileEncoding = 4; lastKnownFileType = sourcecode.c.h; path = "UIView+Frame.h"; sourceTree = "<group>"; };
		7620C1642159D61D00AD6653 /* QuoteSectionView.h */ = {isa = PBXFileReference; lastKnownFileType = sourcecode.c.h; path = QuoteSectionView.h; sourceTree = "<group>"; };
		7620C1652159D61D00AD6653 /* QuoteSectionView.m */ = {isa = PBXFileReference; lastKnownFileType = sourcecode.c.objc; path = QuoteSectionView.m; sourceTree = "<group>"; };
		7620C1672159E0F600AD6653 /* QuoteCell.h */ = {isa = PBXFileReference; lastKnownFileType = sourcecode.c.h; path = QuoteCell.h; sourceTree = "<group>"; };
		7620C1682159E0F600AD6653 /* QuoteCell.m */ = {isa = PBXFileReference; lastKnownFileType = sourcecode.c.objc; path = QuoteCell.m; sourceTree = "<group>"; };
		764CDD94215376770028CE81 /* PickerView.h */ = {isa = PBXFileReference; lastKnownFileType = sourcecode.c.h; path = PickerView.h; sourceTree = "<group>"; };
		764CDD95215376770028CE81 /* PickerView.m */ = {isa = PBXFileReference; lastKnownFileType = sourcecode.c.objc; path = PickerView.m; sourceTree = "<group>"; };
		7655CC732150F27300D206C2 /* BaseNavigationController.h */ = {isa = PBXFileReference; fileEncoding = 4; lastKnownFileType = sourcecode.c.h; path = BaseNavigationController.h; sourceTree = "<group>"; };
		7655CC742150F27C00D206C2 /* TabBarController.m */ = {isa = PBXFileReference; fileEncoding = 4; lastKnownFileType = sourcecode.c.objc; path = TabBarController.m; sourceTree = "<group>"; };
		7655CC752150F27D00D206C2 /* TabBarController.h */ = {isa = PBXFileReference; fileEncoding = 4; lastKnownFileType = sourcecode.c.h; path = TabBarController.h; sourceTree = "<group>"; };
		7655CC762150F27D00D206C2 /* BaseNavigationController.m */ = {isa = PBXFileReference; fileEncoding = 4; lastKnownFileType = sourcecode.c.objc; path = BaseNavigationController.m; sourceTree = "<group>"; };
		7655CC852150F81600D206C2 /* BaseViewController.h */ = {isa = PBXFileReference; fileEncoding = 4; lastKnownFileType = sourcecode.c.h; path = BaseViewController.h; sourceTree = "<group>"; };
		7655CC862150F81600D206C2 /* BaseViewController.m */ = {isa = PBXFileReference; fileEncoding = 4; lastKnownFileType = sourcecode.c.objc; path = BaseViewController.m; sourceTree = "<group>"; };
		7655CC882150F89200D206C2 /* BaseDataRequest.m */ = {isa = PBXFileReference; fileEncoding = 4; lastKnownFileType = sourcecode.c.objc; path = BaseDataRequest.m; sourceTree = "<group>"; };
		7655CC892150F89200D206C2 /* NetRequestClass.m */ = {isa = PBXFileReference; fileEncoding = 4; lastKnownFileType = sourcecode.c.objc; path = NetRequestClass.m; sourceTree = "<group>"; };
		7655CC8A2150F89200D206C2 /* BaseDataRequest.h */ = {isa = PBXFileReference; fileEncoding = 4; lastKnownFileType = sourcecode.c.h; path = BaseDataRequest.h; sourceTree = "<group>"; };
		7655CC8B2150F89200D206C2 /* NetRequestClass.h */ = {isa = PBXFileReference; fileEncoding = 4; lastKnownFileType = sourcecode.c.h; path = NetRequestClass.h; sourceTree = "<group>"; };
		7655CC8E2150F8CD00D206C2 /* DataRequest.m */ = {isa = PBXFileReference; fileEncoding = 4; lastKnownFileType = sourcecode.c.objc; path = DataRequest.m; sourceTree = "<group>"; };
		7655CC8F2150F8CD00D206C2 /* DataRequest.h */ = {isa = PBXFileReference; fileEncoding = 4; lastKnownFileType = sourcecode.c.h; path = DataRequest.h; sourceTree = "<group>"; };
		7655CC912150F92A00D206C2 /* Assets.xcassets */ = {isa = PBXFileReference; lastKnownFileType = folder.assetcatalog; path = Assets.xcassets; sourceTree = "<group>"; };
		76605E032101B6ED00115FA6 /* Gallery.app */ = {isa = PBXFileReference; explicitFileType = wrapper.application; includeInIndex = 0; path = Gallery.app; sourceTree = BUILT_PRODUCTS_DIR; };
		76605E062101B6ED00115FA6 /* AppDelegate.h */ = {isa = PBXFileReference; lastKnownFileType = sourcecode.c.h; path = AppDelegate.h; sourceTree = "<group>"; };
		76605E072101B6ED00115FA6 /* AppDelegate.m */ = {isa = PBXFileReference; lastKnownFileType = sourcecode.c.objc; path = AppDelegate.m; sourceTree = "<group>"; };
		76605E092101B6ED00115FA6 /* ViewController.h */ = {isa = PBXFileReference; lastKnownFileType = sourcecode.c.h; path = ViewController.h; sourceTree = "<group>"; };
		76605E0A2101B6ED00115FA6 /* ViewController.m */ = {isa = PBXFileReference; lastKnownFileType = sourcecode.c.objc; path = ViewController.m; sourceTree = "<group>"; };
		76605E0D2101B6ED00115FA6 /* Base */ = {isa = PBXFileReference; lastKnownFileType = file.storyboard; name = Base; path = Base.lproj/Main.storyboard; sourceTree = "<group>"; };
		76605E122101B6EE00115FA6 /* Base */ = {isa = PBXFileReference; lastKnownFileType = file.storyboard; name = Base; path = Base.lproj/LaunchScreen.storyboard; sourceTree = "<group>"; };
		76605E142101B6EE00115FA6 /* Info.plist */ = {isa = PBXFileReference; lastKnownFileType = text.plist.xml; path = Info.plist; sourceTree = "<group>"; };
		76605E152101B6EF00115FA6 /* main.m */ = {isa = PBXFileReference; lastKnownFileType = sourcecode.c.objc; path = main.m; sourceTree = "<group>"; };
		76605E1B2101B6EF00115FA6 /* GalleryTests.xctest */ = {isa = PBXFileReference; explicitFileType = wrapper.cfbundle; includeInIndex = 0; path = GalleryTests.xctest; sourceTree = BUILT_PRODUCTS_DIR; };
		76605E1F2101B6EF00115FA6 /* GalleryTests.m */ = {isa = PBXFileReference; lastKnownFileType = sourcecode.c.objc; path = GalleryTests.m; sourceTree = "<group>"; };
		76605E212101B6EF00115FA6 /* Info.plist */ = {isa = PBXFileReference; lastKnownFileType = text.plist.xml; path = Info.plist; sourceTree = "<group>"; };
		76605E262101B6EF00115FA6 /* GalleryUITests.xctest */ = {isa = PBXFileReference; explicitFileType = wrapper.cfbundle; includeInIndex = 0; path = GalleryUITests.xctest; sourceTree = BUILT_PRODUCTS_DIR; };
		76605E2A2101B6EF00115FA6 /* GalleryUITests.m */ = {isa = PBXFileReference; lastKnownFileType = sourcecode.c.objc; path = GalleryUITests.m; sourceTree = "<group>"; };
		76605E2C2101B6EF00115FA6 /* Info.plist */ = {isa = PBXFileReference; lastKnownFileType = text.plist.xml; path = Info.plist; sourceTree = "<group>"; };
		76605E3B2101C61200115FA6 /* PrefixHeader.pch */ = {isa = PBXFileReference; lastKnownFileType = sourcecode.c.h; path = PrefixHeader.pch; sourceTree = "<group>"; };
		76605E3C2101C77D00115FA6 /* Config.h */ = {isa = PBXFileReference; fileEncoding = 4; lastKnownFileType = sourcecode.c.h; path = Config.h; sourceTree = "<group>"; };
		76605E3D2101C79400115FA6 /* WeakStrongMacro.h */ = {isa = PBXFileReference; fileEncoding = 4; lastKnownFileType = sourcecode.c.h; path = WeakStrongMacro.h; sourceTree = "<group>"; };
		76605E432101CB4400115FA6 /* UIColor+UIColor_StringToRGB.h */ = {isa = PBXFileReference; fileEncoding = 4; lastKnownFileType = sourcecode.c.h; path = "UIColor+UIColor_StringToRGB.h"; sourceTree = "<group>"; };
		76605E442101CB4400115FA6 /* UITableView+EmptyData.h */ = {isa = PBXFileReference; fileEncoding = 4; lastKnownFileType = sourcecode.c.h; path = "UITableView+EmptyData.h"; sourceTree = "<group>"; };
		76605E462101CB4400115FA6 /* UIColor+UIColor_StringToRGB.m */ = {isa = PBXFileReference; fileEncoding = 4; lastKnownFileType = sourcecode.c.objc; path = "UIColor+UIColor_StringToRGB.m"; sourceTree = "<group>"; };
		76605E472101CB4400115FA6 /* UITableView+EmptyData.m */ = {isa = PBXFileReference; fileEncoding = 4; lastKnownFileType = sourcecode.c.objc; path = "UITableView+EmptyData.m"; sourceTree = "<group>"; };
		76605E542101CC1C00115FA6 /* UserInfoSingleton.m */ = {isa = PBXFileReference; fileEncoding = 4; lastKnownFileType = sourcecode.c.objc; path = UserInfoSingleton.m; sourceTree = "<group>"; };
		76605E552101CC1C00115FA6 /* UserInfoSingleton.h */ = {isa = PBXFileReference; fileEncoding = 4; lastKnownFileType = sourcecode.c.h; path = UserInfoSingleton.h; sourceTree = "<group>"; };
		76605E5A2101CC8300115FA6 /* LoginViewController.h */ = {isa = PBXFileReference; lastKnownFileType = sourcecode.c.h; path = LoginViewController.h; sourceTree = "<group>"; };
		76605E5B2101CC8300115FA6 /* LoginViewController.m */ = {isa = PBXFileReference; lastKnownFileType = sourcecode.c.objc; path = LoginViewController.m; sourceTree = "<group>"; };
		76605E5E2101CCB000115FA6 /* CommonUtil.h */ = {isa = PBXFileReference; fileEncoding = 4; lastKnownFileType = sourcecode.c.h; path = CommonUtil.h; sourceTree = "<group>"; };
		76605E5F2101CCB000115FA6 /* CommonUtil.m */ = {isa = PBXFileReference; fileEncoding = 4; lastKnownFileType = sourcecode.c.objc; path = CommonUtil.m; sourceTree = "<group>"; };
		76605E612101CCBA00115FA6 /* UploadImageObject.m */ = {isa = PBXFileReference; fileEncoding = 4; lastKnownFileType = sourcecode.c.objc; path = UploadImageObject.m; sourceTree = "<group>"; };
		76605E622101CCBA00115FA6 /* UploadImageObject.h */ = {isa = PBXFileReference; fileEncoding = 4; lastKnownFileType = sourcecode.c.h; path = UploadImageObject.h; sourceTree = "<group>"; };
		76E7C05C2152393A009CECAF /* QuoteViewController.m */ = {isa = PBXFileReference; fileEncoding = 4; lastKnownFileType = sourcecode.c.objc; path = QuoteViewController.m; sourceTree = "<group>"; };
		76E7C05D2152393A009CECAF /* QuoteViewController.h */ = {isa = PBXFileReference; fileEncoding = 4; lastKnownFileType = sourcecode.c.h; path = QuoteViewController.h; sourceTree = "<group>"; };
		76EE836B216B4B5000D317FF /* SceneView.h */ = {isa = PBXFileReference; fileEncoding = 4; lastKnownFileType = sourcecode.c.h; path = SceneView.h; sourceTree = "<group>"; };
		76EE836C216B4B5000D317FF /* SceneView.m */ = {isa = PBXFileReference; fileEncoding = 4; lastKnownFileType = sourcecode.c.objc; path = SceneView.m; sourceTree = "<group>"; };
		76EE836D216B4B5000D317FF /* art.scnassets */ = {isa = PBXFileReference; lastKnownFileType = wrapper.scnassets; path = art.scnassets; sourceTree = "<group>"; };
		842FB014215CD2460082336C /* SelectTableViewCell.h */ = {isa = PBXFileReference; lastKnownFileType = sourcecode.c.h; path = SelectTableViewCell.h; sourceTree = "<group>"; };
		842FB015215CD2460082336C /* SelectTableViewCell.m */ = {isa = PBXFileReference; lastKnownFileType = sourcecode.c.objc; path = SelectTableViewCell.m; sourceTree = "<group>"; };
		846F2F7621522E8C00AB76D5 /* MateriaIInformationViewController.h */ = {isa = PBXFileReference; lastKnownFileType = sourcecode.c.h; path = MateriaIInformationViewController.h; sourceTree = "<group>"; };
		846F2F7721522E8C00AB76D5 /* MateriaIInformationViewController.m */ = {isa = PBXFileReference; lastKnownFileType = sourcecode.c.objc; path = MateriaIInformationViewController.m; sourceTree = "<group>"; };
		846F2F7F21522F9700AB76D5 /* MaterialInformationTableViewCell.h */ = {isa = PBXFileReference; lastKnownFileType = sourcecode.c.h; path = MaterialInformationTableViewCell.h; sourceTree = "<group>"; };
		846F2F8021522F9700AB76D5 /* MaterialInformationTableViewCell.m */ = {isa = PBXFileReference; lastKnownFileType = sourcecode.c.objc; path = MaterialInformationTableViewCell.m; sourceTree = "<group>"; };
		A729398D12F9CD51A838399F /* Pods-Gallery.release.xcconfig */ = {isa = PBXFileReference; includeInIndex = 1; lastKnownFileType = text.xcconfig; name = "Pods-Gallery.release.xcconfig"; path = "Pods/Target Support Files/Pods-Gallery/Pods-Gallery.release.xcconfig"; sourceTree = "<group>"; };
/* End PBXFileReference section */

/* Begin PBXFrameworksBuildPhase section */
		76605E002101B6ED00115FA6 /* Frameworks */ = {
			isa = PBXFrameworksBuildPhase;
			buildActionMask = 2147483647;
			files = (
				309C3E1E5E067158DA0F8B2C /* libPods-Gallery.a in Frameworks */,
			);
			runOnlyForDeploymentPostprocessing = 0;
		};
		76605E182101B6EF00115FA6 /* Frameworks */ = {
			isa = PBXFrameworksBuildPhase;
			buildActionMask = 2147483647;
			files = (
			);
			runOnlyForDeploymentPostprocessing = 0;
		};
		76605E232101B6EF00115FA6 /* Frameworks */ = {
			isa = PBXFrameworksBuildPhase;
			buildActionMask = 2147483647;
			files = (
			);
			runOnlyForDeploymentPostprocessing = 0;
		};
/* End PBXFrameworksBuildPhase section */

/* Begin PBXGroup section */
		4BF4BE34423DE0849C3C0DFA /* Frameworks */ = {
			isa = PBXGroup;
			children = (
				71A286852C7FF83EA767FD67 /* libPods-Gallery.a */,
			);
			name = Frameworks;
			sourceTree = "<group>";
		};
		760E94672151ED6200592929 /* Supporting Files */ = {
			isa = PBXGroup;
			children = (
				760E94682151ED9B00592929 /* DataList.plist */,
				76605E142101B6EE00115FA6 /* Info.plist */,
				76605E152101B6EF00115FA6 /* main.m */,
				7655CC912150F92A00D206C2 /* Assets.xcassets */,
			);
			path = "Supporting Files";
			sourceTree = "<group>";
		};
		760E946A2151F08800592929 /* Home */ = {
			isa = PBXGroup;
			children = (
				76EE836A216B4B5000D317FF /* SceneView */,
				761AF2D5215E0B2700F596D3 /* YJLocationPicker */,
				760E94702151F0B400592929 /* View */,
				760E946C2151F09600592929 /* Controller */,
			);
			path = Home;
			sourceTree = "<group>";
		};
		760E946B2151F09000592929 /* Me */ = {
			isa = PBXGroup;
			children = (
				760E946F2151F0A800592929 /* View */,
				760E946D2151F09C00592929 /* Controller */,
			);
			path = Me;
			sourceTree = "<group>";
		};
		760E946C2151F09600592929 /* Controller */ = {
			isa = PBXGroup;
			children = (
				760E94712151F0D100592929 /* HomeViewController.h */,
				760E94722151F0D100592929 /* HomeViewController.m */,
				76E7C05D2152393A009CECAF /* QuoteViewController.h */,
				76E7C05C2152393A009CECAF /* QuoteViewController.m */,
				846F2F7621522E8C00AB76D5 /* MateriaIInformationViewController.h */,
				846F2F7721522E8C00AB76D5 /* MateriaIInformationViewController.m */,
			);
			path = Controller;
			sourceTree = "<group>";
		};
		760E946D2151F09C00592929 /* Controller */ = {
			isa = PBXGroup;
			children = (
				760E94742151F0DB00592929 /* MeViewController.h */,
				760E94752151F0DB00592929 /* MeViewController.m */,
			);
			path = Controller;
			sourceTree = "<group>";
		};
		760E946F2151F0A800592929 /* View */ = {
			isa = PBXGroup;
			children = (
			);
			path = View;
			sourceTree = "<group>";
		};
		760E94702151F0B400592929 /* View */ = {
			isa = PBXGroup;
			children = (
				846F2F7F21522F9700AB76D5 /* MaterialInformationTableViewCell.h */,
				846F2F8021522F9700AB76D5 /* MaterialInformationTableViewCell.m */,
				7620C1642159D61D00AD6653 /* QuoteSectionView.h */,
				7620C1652159D61D00AD6653 /* QuoteSectionView.m */,
				7620C1672159E0F600AD6653 /* QuoteCell.h */,
				7620C1682159E0F600AD6653 /* QuoteCell.m */,
			);
			path = View;
			sourceTree = "<group>";
		};
		761AF2D1215E0A9600F596D3 /* Model */ = {
			isa = PBXGroup;
			children = (
				761AF2D2215E0AB200F596D3 /* ResultModel.h */,
				761AF2D3215E0AB200F596D3 /* ResultModel.m */,
			);
			path = Model;
			sourceTree = "<group>";
		};
		761AF2D5215E0B2700F596D3 /* YJLocationPicker */ = {
			isa = PBXGroup;
			children = (
				761AF2DB215E0B2700F596D3 /* UIView+Frame.h */,
				761AF2D7215E0B2700F596D3 /* UIView+Frame.m */,
				761AF2D9215E0B2700F596D3 /* YJToolBar.h */,
				761AF2D6215E0B2700F596D3 /* YJToolBar.m */,
				761AF2DA215E0B2700F596D3 /* YJLocationPicker.h */,
				761AF2D8215E0B2700F596D3 /* YJLocationPicker.m */,
			);
			path = YJLocationPicker;
			sourceTree = "<group>";
		};
		76605DFA2101B6ED00115FA6 = {
			isa = PBXGroup;
			children = (
				76605E052101B6ED00115FA6 /* Gallery */,
				76605E1E2101B6EF00115FA6 /* GalleryTests */,
				76605E292101B6EF00115FA6 /* GalleryUITests */,
				76605E042101B6ED00115FA6 /* Products */,
				A4A11029BD96BF87E72CB7E2 /* Pods */,
				4BF4BE34423DE0849C3C0DFA /* Frameworks */,
			);
			sourceTree = "<group>";
		};
		76605E042101B6ED00115FA6 /* Products */ = {
			isa = PBXGroup;
			children = (
				76605E032101B6ED00115FA6 /* Gallery.app */,
				76605E1B2101B6EF00115FA6 /* GalleryTests.xctest */,
				76605E262101B6EF00115FA6 /* GalleryUITests.xctest */,
			);
			name = Products;
			sourceTree = "<group>";
		};
		76605E052101B6ED00115FA6 /* Gallery */ = {
			isa = PBXGroup;
			children = (
				761AF2D1215E0A9600F596D3 /* Model */,
				76605E5D2101CCA600115FA6 /* Helper */,
				76605E532101CC1C00115FA6 /* DataInfo */,
				76605E4C2101CBAE00115FA6 /* Request */,
				76605E422101CB4400115FA6 /* Category */,
				76605E3E2101CACA00115FA6 /* Base */,
				76605E3A2101C5EE00115FA6 /* Config */,
				76605E392101C0B500115FA6 /* Classes */,
				76605E382101B70800115FA6 /* AppDelegate */,
				76605E092101B6ED00115FA6 /* ViewController.h */,
				76605E0A2101B6ED00115FA6 /* ViewController.m */,
				760E94672151ED6200592929 /* Supporting Files */,
				76605E0C2101B6ED00115FA6 /* Main.storyboard */,
				76605E112101B6EE00115FA6 /* LaunchScreen.storyboard */,
			);
			path = Gallery;
			sourceTree = "<group>";
		};
		76605E1E2101B6EF00115FA6 /* GalleryTests */ = {
			isa = PBXGroup;
			children = (
				76605E1F2101B6EF00115FA6 /* GalleryTests.m */,
				76605E212101B6EF00115FA6 /* Info.plist */,
			);
			path = GalleryTests;
			sourceTree = "<group>";
		};
		76605E292101B6EF00115FA6 /* GalleryUITests */ = {
			isa = PBXGroup;
			children = (
				76605E2A2101B6EF00115FA6 /* GalleryUITests.m */,
				76605E2C2101B6EF00115FA6 /* Info.plist */,
			);
			path = GalleryUITests;
			sourceTree = "<group>";
		};
		76605E382101B70800115FA6 /* AppDelegate */ = {
			isa = PBXGroup;
			children = (
				76605E062101B6ED00115FA6 /* AppDelegate.h */,
				76605E072101B6ED00115FA6 /* AppDelegate.m */,
			);
			path = AppDelegate;
			sourceTree = "<group>";
		};
		76605E392101C0B500115FA6 /* Classes */ = {
			isa = PBXGroup;
			children = (
				760E946B2151F09000592929 /* Me */,
				760E946A2151F08800592929 /* Home */,
				76605E572101CC5C00115FA6 /* Login */,
			);
			path = Classes;
			sourceTree = "<group>";
		};
		76605E3A2101C5EE00115FA6 /* Config */ = {
			isa = PBXGroup;
			children = (
				76605E3B2101C61200115FA6 /* PrefixHeader.pch */,
				76605E3C2101C77D00115FA6 /* Config.h */,
				76605E3D2101C79400115FA6 /* WeakStrongMacro.h */,
			);
			path = Config;
			sourceTree = "<group>";
		};
		76605E3E2101CACA00115FA6 /* Base */ = {
			isa = PBXGroup;
			children = (
				7655CC732150F27300D206C2 /* BaseNavigationController.h */,
				7655CC762150F27D00D206C2 /* BaseNavigationController.m */,
				7655CC852150F81600D206C2 /* BaseViewController.h */,
				7655CC862150F81600D206C2 /* BaseViewController.m */,
				7655CC752150F27D00D206C2 /* TabBarController.h */,
				7655CC742150F27C00D206C2 /* TabBarController.m */,
			);
			path = Base;
			sourceTree = "<group>";
		};
		76605E422101CB4400115FA6 /* Category */ = {
			isa = PBXGroup;
			children = (
				76605E432101CB4400115FA6 /* UIColor+UIColor_StringToRGB.h */,
				76605E462101CB4400115FA6 /* UIColor+UIColor_StringToRGB.m */,
				76605E442101CB4400115FA6 /* UITableView+EmptyData.h */,
				76605E472101CB4400115FA6 /* UITableView+EmptyData.m */,
			);
			path = Category;
			sourceTree = "<group>";
		};
		76605E4C2101CBAE00115FA6 /* Request */ = {
			isa = PBXGroup;
			children = (
				7655CC8B2150F89200D206C2 /* NetRequestClass.h */,
				7655CC892150F89200D206C2 /* NetRequestClass.m */,
				7655CC8A2150F89200D206C2 /* BaseDataRequest.h */,
				7655CC882150F89200D206C2 /* BaseDataRequest.m */,
				7655CC8F2150F8CD00D206C2 /* DataRequest.h */,
				7655CC8E2150F8CD00D206C2 /* DataRequest.m */,
			);
			path = Request;
			sourceTree = "<group>";
		};
		76605E532101CC1C00115FA6 /* DataInfo */ = {
			isa = PBXGroup;
			children = (
				76110A62215CAB47001D8453 /* quote.json */,
				76605E552101CC1C00115FA6 /* UserInfoSingleton.h */,
				76605E542101CC1C00115FA6 /* UserInfoSingleton.m */,
			);
			path = DataInfo;
			sourceTree = "<group>";
		};
		76605E572101CC5C00115FA6 /* Login */ = {
			isa = PBXGroup;
			children = (
				76605E592101CC7200115FA6 /* View */,
				76605E582101CC6A00115FA6 /* Controller */,
			);
			path = Login;
			sourceTree = "<group>";
		};
		76605E582101CC6A00115FA6 /* Controller */ = {
			isa = PBXGroup;
			children = (
				76605E5A2101CC8300115FA6 /* LoginViewController.h */,
				76605E5B2101CC8300115FA6 /* LoginViewController.m */,
			);
			path = Controller;
			sourceTree = "<group>";
		};
		76605E592101CC7200115FA6 /* View */ = {
			isa = PBXGroup;
			children = (
			);
			path = View;
			sourceTree = "<group>";
		};
		76605E5D2101CCA600115FA6 /* Helper */ = {
			isa = PBXGroup;
			children = (
				76605E5E2101CCB000115FA6 /* CommonUtil.h */,
				76605E5F2101CCB000115FA6 /* CommonUtil.m */,
				76605E622101CCBA00115FA6 /* UploadImageObject.h */,
				76605E612101CCBA00115FA6 /* UploadImageObject.m */,
				764CDD94215376770028CE81 /* PickerView.h */,
				764CDD95215376770028CE81 /* PickerView.m */,
				842FB014215CD2460082336C /* SelectTableViewCell.h */,
				842FB015215CD2460082336C /* SelectTableViewCell.m */,
			);
			path = Helper;
			sourceTree = "<group>";
		};
		76EE836A216B4B5000D317FF /* SceneView */ = {
			isa = PBXGroup;
			children = (
				76EE836B216B4B5000D317FF /* SceneView.h */,
				76EE836C216B4B5000D317FF /* SceneView.m */,
				76EE836D216B4B5000D317FF /* art.scnassets */,
			);
			path = SceneView;
			sourceTree = "<group>";
		};
		A4A11029BD96BF87E72CB7E2 /* Pods */ = {
			isa = PBXGroup;
			children = (
				5E670789B90931CD9C6C9E2D /* Pods-Gallery.debug.xcconfig */,
				A729398D12F9CD51A838399F /* Pods-Gallery.release.xcconfig */,
			);
			name = Pods;
			sourceTree = "<group>";
		};
/* End PBXGroup section */

/* Begin PBXNativeTarget section */
		76605E022101B6ED00115FA6 /* Gallery */ = {
			isa = PBXNativeTarget;
			buildConfigurationList = 76605E2F2101B6EF00115FA6 /* Build configuration list for PBXNativeTarget "Gallery" */;
			buildPhases = (
				F4FFAB15CA09B9D008047426 /* [CP] Check Pods Manifest.lock */,
				76605DFF2101B6ED00115FA6 /* Sources */,
				76605E002101B6ED00115FA6 /* Frameworks */,
				76605E012101B6ED00115FA6 /* Resources */,
				411CA902CA3A89D36A100AB4 /* [CP] Copy Pods Resources */,
			);
			buildRules = (
			);
			dependencies = (
			);
			name = Gallery;
			productName = Gallery;
			productReference = 76605E032101B6ED00115FA6 /* Gallery.app */;
			productType = "com.apple.product-type.application";
		};
		76605E1A2101B6EF00115FA6 /* GalleryTests */ = {
			isa = PBXNativeTarget;
			buildConfigurationList = 76605E322101B6EF00115FA6 /* Build configuration list for PBXNativeTarget "GalleryTests" */;
			buildPhases = (
				76605E172101B6EF00115FA6 /* Sources */,
				76605E182101B6EF00115FA6 /* Frameworks */,
				76605E192101B6EF00115FA6 /* Resources */,
			);
			buildRules = (
			);
			dependencies = (
				76605E1D2101B6EF00115FA6 /* PBXTargetDependency */,
			);
			name = GalleryTests;
			productName = GalleryTests;
			productReference = 76605E1B2101B6EF00115FA6 /* GalleryTests.xctest */;
			productType = "com.apple.product-type.bundle.unit-test";
		};
		76605E252101B6EF00115FA6 /* GalleryUITests */ = {
			isa = PBXNativeTarget;
			buildConfigurationList = 76605E352101B6EF00115FA6 /* Build configuration list for PBXNativeTarget "GalleryUITests" */;
			buildPhases = (
				76605E222101B6EF00115FA6 /* Sources */,
				76605E232101B6EF00115FA6 /* Frameworks */,
				76605E242101B6EF00115FA6 /* Resources */,
			);
			buildRules = (
			);
			dependencies = (
				76605E282101B6EF00115FA6 /* PBXTargetDependency */,
			);
			name = GalleryUITests;
			productName = GalleryUITests;
			productReference = 76605E262101B6EF00115FA6 /* GalleryUITests.xctest */;
			productType = "com.apple.product-type.bundle.ui-testing";
		};
/* End PBXNativeTarget section */

/* Begin PBXProject section */
		76605DFB2101B6ED00115FA6 /* Project object */ = {
			isa = PBXProject;
			attributes = {
				LastUpgradeCheck = 0940;
				ORGANIZATIONNAME = "安东";
				TargetAttributes = {
					76605E022101B6ED00115FA6 = {
						CreatedOnToolsVersion = 9.4.1;
					};
					76605E1A2101B6EF00115FA6 = {
						CreatedOnToolsVersion = 9.4.1;
						TestTargetID = 76605E022101B6ED00115FA6;
					};
					76605E252101B6EF00115FA6 = {
						CreatedOnToolsVersion = 9.4.1;
						TestTargetID = 76605E022101B6ED00115FA6;
					};
				};
			};
			buildConfigurationList = 76605DFE2101B6ED00115FA6 /* Build configuration list for PBXProject "Gallery" */;
			compatibilityVersion = "Xcode 9.3";
			developmentRegion = en;
			hasScannedForEncodings = 0;
			knownRegions = (
				en,
				Base,
			);
			mainGroup = 76605DFA2101B6ED00115FA6;
			productRefGroup = 76605E042101B6ED00115FA6 /* Products */;
			projectDirPath = "";
			projectRoot = "";
			targets = (
				76605E022101B6ED00115FA6 /* Gallery */,
				76605E1A2101B6EF00115FA6 /* GalleryTests */,
				76605E252101B6EF00115FA6 /* GalleryUITests */,
			);
		};
/* End PBXProject section */

/* Begin PBXResourcesBuildPhase section */
		76605E012101B6ED00115FA6 /* Resources */ = {
			isa = PBXResourcesBuildPhase;
			buildActionMask = 2147483647;
			files = (
				76110A63215CAB47001D8453 /* quote.json in Resources */,
				76EE836F216B4B5000D317FF /* art.scnassets in Resources */,
				76605E132101B6EE00115FA6 /* LaunchScreen.storyboard in Resources */,
				7655CC922150F92A00D206C2 /* Assets.xcassets in Resources */,
				760E94692151ED9B00592929 /* DataList.plist in Resources */,
				76605E0E2101B6ED00115FA6 /* Main.storyboard in Resources */,
			);
			runOnlyForDeploymentPostprocessing = 0;
		};
		76605E192101B6EF00115FA6 /* Resources */ = {
			isa = PBXResourcesBuildPhase;
			buildActionMask = 2147483647;
			files = (
			);
			runOnlyForDeploymentPostprocessing = 0;
		};
		76605E242101B6EF00115FA6 /* Resources */ = {
			isa = PBXResourcesBuildPhase;
			buildActionMask = 2147483647;
			files = (
			);
			runOnlyForDeploymentPostprocessing = 0;
		};
/* End PBXResourcesBuildPhase section */

/* Begin PBXShellScriptBuildPhase section */
		411CA902CA3A89D36A100AB4 /* [CP] Copy Pods Resources */ = {
			isa = PBXShellScriptBuildPhase;
			buildActionMask = 2147483647;
			files = (
			);
			inputPaths = (
				"${SRCROOT}/Pods/Target Support Files/Pods-Gallery/Pods-Gallery-resources.sh",
				"${PODS_ROOT}/MJRefresh/MJRefresh/MJRefresh.bundle",
			);
			name = "[CP] Copy Pods Resources";
			outputPaths = (
				"${TARGET_BUILD_DIR}/${UNLOCALIZED_RESOURCES_FOLDER_PATH}/MJRefresh.bundle",
			);
			runOnlyForDeploymentPostprocessing = 0;
			shellPath = /bin/sh;
			shellScript = "\"${SRCROOT}/Pods/Target Support Files/Pods-Gallery/Pods-Gallery-resources.sh\"\n";
			showEnvVarsInLog = 0;
		};
		F4FFAB15CA09B9D008047426 /* [CP] Check Pods Manifest.lock */ = {
			isa = PBXShellScriptBuildPhase;
			buildActionMask = 2147483647;
			files = (
			);
			inputPaths = (
				"${PODS_PODFILE_DIR_PATH}/Podfile.lock",
				"${PODS_ROOT}/Manifest.lock",
			);
			name = "[CP] Check Pods Manifest.lock";
			outputPaths = (
				"$(DERIVED_FILE_DIR)/Pods-Gallery-checkManifestLockResult.txt",
			);
			runOnlyForDeploymentPostprocessing = 0;
			shellPath = /bin/sh;
			shellScript = "diff \"${PODS_PODFILE_DIR_PATH}/Podfile.lock\" \"${PODS_ROOT}/Manifest.lock\" > /dev/null\nif [ $? != 0 ] ; then\n    # print error to STDERR\n    echo \"error: The sandbox is not in sync with the Podfile.lock. Run 'pod install' or update your CocoaPods installation.\" >&2\n    exit 1\nfi\n# This output is used by Xcode 'outputs' to avoid re-running this script phase.\necho \"SUCCESS\" > \"${SCRIPT_OUTPUT_FILE_0}\"\n";
			showEnvVarsInLog = 0;
		};
/* End PBXShellScriptBuildPhase section */

/* Begin PBXSourcesBuildPhase section */
		76605DFF2101B6ED00115FA6 /* Sources */ = {
			isa = PBXSourcesBuildPhase;
			buildActionMask = 2147483647;
			files = (
				76605E0B2101B6ED00115FA6 /* ViewController.m in Sources */,
				7655CC872150F81600D206C2 /* BaseViewController.m in Sources */,
				761AF2DC215E0B2700F596D3 /* YJToolBar.m in Sources */,
				76605E492101CB4400115FA6 /* UIColor+UIColor_StringToRGB.m in Sources */,
				76605E5C2101CC8300115FA6 /* LoginViewController.m in Sources */,
				76605E562101CC1C00115FA6 /* UserInfoSingleton.m in Sources */,
				76E7C05E2152393A009CECAF /* QuoteViewController.m in Sources */,
				761AF2D4215E0AB200F596D3 /* ResultModel.m in Sources */,
				76EE836E216B4B5000D317FF /* SceneView.m in Sources */,
				76605E602101CCB100115FA6 /* CommonUtil.m in Sources */,
				7655CC8D2150F89200D206C2 /* NetRequestClass.m in Sources */,
				760E94732151F0D100592929 /* HomeViewController.m in Sources */,
				7620C1692159E0F600AD6653 /* QuoteCell.m in Sources */,
				7655CC792150F27E00D206C2 /* TabBarController.m in Sources */,
				846F2F7821522E8C00AB76D5 /* MateriaIInformationViewController.m in Sources */,
				7620C1662159D61D00AD6653 /* QuoteSectionView.m in Sources */,
				76605E162101B6EF00115FA6 /* main.m in Sources */,
				76605E632101CCBA00115FA6 /* UploadImageObject.m in Sources */,
				764CDD96215376770028CE81 /* PickerView.m in Sources */,
				76605E082101B6ED00115FA6 /* AppDelegate.m in Sources */,
				761AF2DE215E0B2700F596D3 /* YJLocationPicker.m in Sources */,
				76605E4A2101CB4400115FA6 /* UITableView+EmptyData.m in Sources */,
				7655CC7A2150F27E00D206C2 /* BaseNavigationController.m in Sources */,
				761AF2DD215E0B2700F596D3 /* UIView+Frame.m in Sources */,
				842FB016215CD2460082336C /* SelectTableViewCell.m in Sources */,
				7655CC8C2150F89200D206C2 /* BaseDataRequest.m in Sources */,
				7655CC902150F8CD00D206C2 /* DataRequest.m in Sources */,
				760E94762151F0DB00592929 /* MeViewController.m in Sources */,
				846F2F8121522F9700AB76D5 /* MaterialInformationTableViewCell.m in Sources */,
			);
			runOnlyForDeploymentPostprocessing = 0;
		};
		76605E172101B6EF00115FA6 /* Sources */ = {
			isa = PBXSourcesBuildPhase;
			buildActionMask = 2147483647;
			files = (
				76605E202101B6EF00115FA6 /* GalleryTests.m in Sources */,
			);
			runOnlyForDeploymentPostprocessing = 0;
		};
		76605E222101B6EF00115FA6 /* Sources */ = {
			isa = PBXSourcesBuildPhase;
			buildActionMask = 2147483647;
			files = (
				76605E2B2101B6EF00115FA6 /* GalleryUITests.m in Sources */,
			);
			runOnlyForDeploymentPostprocessing = 0;
		};
/* End PBXSourcesBuildPhase section */

/* Begin PBXTargetDependency section */
		76605E1D2101B6EF00115FA6 /* PBXTargetDependency */ = {
			isa = PBXTargetDependency;
			target = 76605E022101B6ED00115FA6 /* Gallery */;
			targetProxy = 76605E1C2101B6EF00115FA6 /* PBXContainerItemProxy */;
		};
		76605E282101B6EF00115FA6 /* PBXTargetDependency */ = {
			isa = PBXTargetDependency;
			target = 76605E022101B6ED00115FA6 /* Gallery */;
			targetProxy = 76605E272101B6EF00115FA6 /* PBXContainerItemProxy */;
		};
/* End PBXTargetDependency section */

/* Begin PBXVariantGroup section */
		76605E0C2101B6ED00115FA6 /* Main.storyboard */ = {
			isa = PBXVariantGroup;
			children = (
				76605E0D2101B6ED00115FA6 /* Base */,
			);
			name = Main.storyboard;
			sourceTree = "<group>";
		};
		76605E112101B6EE00115FA6 /* LaunchScreen.storyboard */ = {
			isa = PBXVariantGroup;
			children = (
				76605E122101B6EE00115FA6 /* Base */,
			);
			name = LaunchScreen.storyboard;
			sourceTree = "<group>";
		};
/* End PBXVariantGroup section */

/* Begin XCBuildConfiguration section */
		76605E2D2101B6EF00115FA6 /* Debug */ = {
			isa = XCBuildConfiguration;
			buildSettings = {
				ALWAYS_SEARCH_USER_PATHS = NO;
				CLANG_ANALYZER_NONNULL = YES;
				CLANG_ANALYZER_NUMBER_OBJECT_CONVERSION = YES_AGGRESSIVE;
				CLANG_CXX_LANGUAGE_STANDARD = "gnu++14";
				CLANG_CXX_LIBRARY = "libc++";
				CLANG_ENABLE_MODULES = YES;
				CLANG_ENABLE_OBJC_ARC = YES;
				CLANG_ENABLE_OBJC_WEAK = YES;
				CLANG_WARN_BLOCK_CAPTURE_AUTORELEASING = YES;
				CLANG_WARN_BOOL_CONVERSION = YES;
				CLANG_WARN_COMMA = YES;
				CLANG_WARN_CONSTANT_CONVERSION = YES;
				CLANG_WARN_DEPRECATED_OBJC_IMPLEMENTATIONS = YES;
				CLANG_WARN_DIRECT_OBJC_ISA_USAGE = YES_ERROR;
				CLANG_WARN_DOCUMENTATION_COMMENTS = YES;
				CLANG_WARN_EMPTY_BODY = YES;
				CLANG_WARN_ENUM_CONVERSION = YES;
				CLANG_WARN_INFINITE_RECURSION = YES;
				CLANG_WARN_INT_CONVERSION = YES;
				CLANG_WARN_NON_LITERAL_NULL_CONVERSION = YES;
				CLANG_WARN_OBJC_IMPLICIT_RETAIN_SELF = YES;
				CLANG_WARN_OBJC_LITERAL_CONVERSION = YES;
				CLANG_WARN_OBJC_ROOT_CLASS = YES_ERROR;
				CLANG_WARN_RANGE_LOOP_ANALYSIS = YES;
				CLANG_WARN_STRICT_PROTOTYPES = YES;
				CLANG_WARN_SUSPICIOUS_MOVE = YES;
				CLANG_WARN_UNGUARDED_AVAILABILITY = YES_AGGRESSIVE;
				CLANG_WARN_UNREACHABLE_CODE = YES;
				CLANG_WARN__DUPLICATE_METHOD_MATCH = YES;
				CODE_SIGN_IDENTITY = "iPhone Developer";
				COPY_PHASE_STRIP = NO;
				DEBUG_INFORMATION_FORMAT = dwarf;
				ENABLE_STRICT_OBJC_MSGSEND = YES;
				ENABLE_TESTABILITY = YES;
				GCC_C_LANGUAGE_STANDARD = gnu11;
				GCC_DYNAMIC_NO_PIC = NO;
				GCC_NO_COMMON_BLOCKS = YES;
				GCC_OPTIMIZATION_LEVEL = 0;
				GCC_PREPROCESSOR_DEFINITIONS = (
					"DEBUG=1",
					"$(inherited)",
				);
				GCC_WARN_64_TO_32_BIT_CONVERSION = YES;
				GCC_WARN_ABOUT_RETURN_TYPE = YES_ERROR;
				GCC_WARN_UNDECLARED_SELECTOR = YES;
				GCC_WARN_UNINITIALIZED_AUTOS = YES_AGGRESSIVE;
				GCC_WARN_UNUSED_FUNCTION = YES;
				GCC_WARN_UNUSED_VARIABLE = YES;
				IPHONEOS_DEPLOYMENT_TARGET = 11.4;
				MTL_ENABLE_DEBUG_INFO = YES;
				ONLY_ACTIVE_ARCH = YES;
				SDKROOT = iphoneos;
			};
			name = Debug;
		};
		76605E2E2101B6EF00115FA6 /* Release */ = {
			isa = XCBuildConfiguration;
			buildSettings = {
				ALWAYS_SEARCH_USER_PATHS = NO;
				CLANG_ANALYZER_NONNULL = YES;
				CLANG_ANALYZER_NUMBER_OBJECT_CONVERSION = YES_AGGRESSIVE;
				CLANG_CXX_LANGUAGE_STANDARD = "gnu++14";
				CLANG_CXX_LIBRARY = "libc++";
				CLANG_ENABLE_MODULES = YES;
				CLANG_ENABLE_OBJC_ARC = YES;
				CLANG_ENABLE_OBJC_WEAK = YES;
				CLANG_WARN_BLOCK_CAPTURE_AUTORELEASING = YES;
				CLANG_WARN_BOOL_CONVERSION = YES;
				CLANG_WARN_COMMA = YES;
				CLANG_WARN_CONSTANT_CONVERSION = YES;
				CLANG_WARN_DEPRECATED_OBJC_IMPLEMENTATIONS = YES;
				CLANG_WARN_DIRECT_OBJC_ISA_USAGE = YES_ERROR;
				CLANG_WARN_DOCUMENTATION_COMMENTS = YES;
				CLANG_WARN_EMPTY_BODY = YES;
				CLANG_WARN_ENUM_CONVERSION = YES;
				CLANG_WARN_INFINITE_RECURSION = YES;
				CLANG_WARN_INT_CONVERSION = YES;
				CLANG_WARN_NON_LITERAL_NULL_CONVERSION = YES;
				CLANG_WARN_OBJC_IMPLICIT_RETAIN_SELF = YES;
				CLANG_WARN_OBJC_LITERAL_CONVERSION = YES;
				CLANG_WARN_OBJC_ROOT_CLASS = YES_ERROR;
				CLANG_WARN_RANGE_LOOP_ANALYSIS = YES;
				CLANG_WARN_STRICT_PROTOTYPES = YES;
				CLANG_WARN_SUSPICIOUS_MOVE = YES;
				CLANG_WARN_UNGUARDED_AVAILABILITY = YES_AGGRESSIVE;
				CLANG_WARN_UNREACHABLE_CODE = YES;
				CLANG_WARN__DUPLICATE_METHOD_MATCH = YES;
				CODE_SIGN_IDENTITY = "iPhone Developer";
				COPY_PHASE_STRIP = NO;
				DEBUG_INFORMATION_FORMAT = "dwarf-with-dsym";
				ENABLE_NS_ASSERTIONS = NO;
				ENABLE_STRICT_OBJC_MSGSEND = YES;
				GCC_C_LANGUAGE_STANDARD = gnu11;
				GCC_NO_COMMON_BLOCKS = YES;
				GCC_WARN_64_TO_32_BIT_CONVERSION = YES;
				GCC_WARN_ABOUT_RETURN_TYPE = YES_ERROR;
				GCC_WARN_UNDECLARED_SELECTOR = YES;
				GCC_WARN_UNINITIALIZED_AUTOS = YES_AGGRESSIVE;
				GCC_WARN_UNUSED_FUNCTION = YES;
				GCC_WARN_UNUSED_VARIABLE = YES;
				IPHONEOS_DEPLOYMENT_TARGET = 11.4;
				MTL_ENABLE_DEBUG_INFO = NO;
				SDKROOT = iphoneos;
				VALIDATE_PRODUCT = YES;
			};
			name = Release;
		};
		76605E302101B6EF00115FA6 /* Debug */ = {
			isa = XCBuildConfiguration;
			baseConfigurationReference = 5E670789B90931CD9C6C9E2D /* Pods-Gallery.debug.xcconfig */;
			buildSettings = {
				ASSETCATALOG_COMPILER_APPICON_NAME = AppIcon;
				ASSETCATALOG_COMPILER_LAUNCHIMAGE_NAME = LaunchImage;
				CODE_SIGN_STYLE = Automatic;
				DEVELOPMENT_TEAM = 339DUDKSZG;
				GCC_PRECOMPILE_PREFIX_HEADER = YES;
				GCC_PREFIX_HEADER = Gallery/Config/PrefixHeader.pch;
				INFOPLIST_FILE = "Gallery/Supporting Files/Info.plist";
				IPHONEOS_DEPLOYMENT_TARGET = 9.0;
				LD_RUNPATH_SEARCH_PATHS = (
					"$(inherited)",
					"@executable_path/Frameworks",
				);
				PRODUCT_BUNDLE_IDENTIFIER = com.Gallery;
				PRODUCT_NAME = "$(TARGET_NAME)";
				TARGETED_DEVICE_FAMILY = "1,2";
			};
			name = Debug;
		};
		76605E312101B6EF00115FA6 /* Release */ = {
			isa = XCBuildConfiguration;
			baseConfigurationReference = A729398D12F9CD51A838399F /* Pods-Gallery.release.xcconfig */;
			buildSettings = {
				ASSETCATALOG_COMPILER_APPICON_NAME = AppIcon;
				ASSETCATALOG_COMPILER_LAUNCHIMAGE_NAME = LaunchImage;
				CODE_SIGN_STYLE = Automatic;
				DEVELOPMENT_TEAM = 339DUDKSZG;
				GCC_PRECOMPILE_PREFIX_HEADER = YES;
				GCC_PREFIX_HEADER = Gallery/Config/PrefixHeader.pch;
				INFOPLIST_FILE = "Gallery/Supporting Files/Info.plist";
				IPHONEOS_DEPLOYMENT_TARGET = 9.0;
				LD_RUNPATH_SEARCH_PATHS = (
					"$(inherited)",
					"@executable_path/Frameworks",
				);
				PRODUCT_BUNDLE_IDENTIFIER = com.Gallery;
				PRODUCT_NAME = "$(TARGET_NAME)";
				TARGETED_DEVICE_FAMILY = "1,2";
			};
			name = Release;
		};
		76605E332101B6EF00115FA6 /* Debug */ = {
			isa = XCBuildConfiguration;
			buildSettings = {
				BUNDLE_LOADER = "$(TEST_HOST)";
				CODE_SIGN_STYLE = Automatic;
				DEVELOPMENT_TEAM = 339DUDKSZG;
				INFOPLIST_FILE = GalleryTests/Info.plist;
				LD_RUNPATH_SEARCH_PATHS = (
					"$(inherited)",
					"@executable_path/Frameworks",
					"@loader_path/Frameworks",
				);
				PRODUCT_BUNDLE_IDENTIFIER = com.GalleryTests;
				PRODUCT_NAME = "$(TARGET_NAME)";
				TARGETED_DEVICE_FAMILY = "1,2";
				TEST_HOST = "$(BUILT_PRODUCTS_DIR)/Gallery.app/Gallery";
			};
			name = Debug;
		};
		76605E342101B6EF00115FA6 /* Release */ = {
			isa = XCBuildConfiguration;
			buildSettings = {
				BUNDLE_LOADER = "$(TEST_HOST)";
				CODE_SIGN_STYLE = Automatic;
				DEVELOPMENT_TEAM = 339DUDKSZG;
				INFOPLIST_FILE = GalleryTests/Info.plist;
				LD_RUNPATH_SEARCH_PATHS = (
					"$(inherited)",
					"@executable_path/Frameworks",
					"@loader_path/Frameworks",
				);
				PRODUCT_BUNDLE_IDENTIFIER = com.GalleryTests;
				PRODUCT_NAME = "$(TARGET_NAME)";
				TARGETED_DEVICE_FAMILY = "1,2";
				TEST_HOST = "$(BUILT_PRODUCTS_DIR)/Gallery.app/Gallery";
			};
			name = Release;
		};
		76605E362101B6EF00115FA6 /* Debug */ = {
			isa = XCBuildConfiguration;
			buildSettings = {
				CODE_SIGN_STYLE = Automatic;
				DEVELOPMENT_TEAM = 339DUDKSZG;
				INFOPLIST_FILE = GalleryUITests/Info.plist;
				LD_RUNPATH_SEARCH_PATHS = (
					"$(inherited)",
					"@executable_path/Frameworks",
					"@loader_path/Frameworks",
				);
				PRODUCT_BUNDLE_IDENTIFIER = com.GalleryUITests;
				PRODUCT_NAME = "$(TARGET_NAME)";
				TARGETED_DEVICE_FAMILY = "1,2";
				TEST_TARGET_NAME = Gallery;
			};
			name = Debug;
		};
		76605E372101B6EF00115FA6 /* Release */ = {
			isa = XCBuildConfiguration;
			buildSettings = {
				CODE_SIGN_STYLE = Automatic;
				DEVELOPMENT_TEAM = 339DUDKSZG;
				INFOPLIST_FILE = GalleryUITests/Info.plist;
				LD_RUNPATH_SEARCH_PATHS = (
					"$(inherited)",
					"@executable_path/Frameworks",
					"@loader_path/Frameworks",
				);
				PRODUCT_BUNDLE_IDENTIFIER = com.GalleryUITests;
				PRODUCT_NAME = "$(TARGET_NAME)";
				TARGETED_DEVICE_FAMILY = "1,2";
				TEST_TARGET_NAME = Gallery;
			};
			name = Release;
		};
/* End XCBuildConfiguration section */

/* Begin XCConfigurationList section */
		76605DFE2101B6ED00115FA6 /* Build configuration list for PBXProject "Gallery" */ = {
			isa = XCConfigurationList;
			buildConfigurations = (
				76605E2D2101B6EF00115FA6 /* Debug */,
				76605E2E2101B6EF00115FA6 /* Release */,
			);
			defaultConfigurationIsVisible = 0;
			defaultConfigurationName = Release;
		};
		76605E2F2101B6EF00115FA6 /* Build configuration list for PBXNativeTarget "Gallery" */ = {
			isa = XCConfigurationList;
			buildConfigurations = (
				76605E302101B6EF00115FA6 /* Debug */,
				76605E312101B6EF00115FA6 /* Release */,
			);
			defaultConfigurationIsVisible = 0;
			defaultConfigurationName = Release;
		};
		76605E322101B6EF00115FA6 /* Build configuration list for PBXNativeTarget "GalleryTests" */ = {
			isa = XCConfigurationList;
			buildConfigurations = (
				76605E332101B6EF00115FA6 /* Debug */,
				76605E342101B6EF00115FA6 /* Release */,
			);
			defaultConfigurationIsVisible = 0;
			defaultConfigurationName = Release;
		};
		76605E352101B6EF00115FA6 /* Build configuration list for PBXNativeTarget "GalleryUITests" */ = {
			isa = XCConfigurationList;
			buildConfigurations = (
				76605E362101B6EF00115FA6 /* Debug */,
				76605E372101B6EF00115FA6 /* Release */,
			);
			defaultConfigurationIsVisible = 0;
			defaultConfigurationName = Release;
		};
/* End XCConfigurationList section */
	};
	rootObject = 76605DFB2101B6ED00115FA6 /* Project object */;
}
